// !$*UTF8*$!
{
	archiveVersion = 1;
	classes = {
	};
	objectVersion = 50;
	objects = {

/* Begin PBXBuildFile section */
		B42BF964246BC24F00AD9292 /* AppDelegate.swift in Sources */ = {isa = PBXBuildFile; fileRef = B42BF963246BC24F00AD9292 /* AppDelegate.swift */; };
		B42BF966246BC24F00AD9292 /* GameScene.sks in Resources */ = {isa = PBXBuildFile; fileRef = B42BF965246BC24F00AD9292 /* GameScene.sks */; };
		B42BF968246BC24F00AD9292 /* Actions.sks in Resources */ = {isa = PBXBuildFile; fileRef = B42BF967246BC24F00AD9292 /* Actions.sks */; };
		B42BF96A246BC24F00AD9292 /* GameScene.swift in Sources */ = {isa = PBXBuildFile; fileRef = B42BF969246BC24F00AD9292 /* GameScene.swift */; };
		B42BF96C246BC24F00AD9292 /* GameViewController.swift in Sources */ = {isa = PBXBuildFile; fileRef = B42BF96B246BC24F00AD9292 /* GameViewController.swift */; };
		B42BF96F246BC24F00AD9292 /* Main.storyboard in Resources */ = {isa = PBXBuildFile; fileRef = B42BF96D246BC24F00AD9292 /* Main.storyboard */; };
		B42BF971246BC25100AD9292 /* Assets.xcassets in Resources */ = {isa = PBXBuildFile; fileRef = B42BF970246BC25100AD9292 /* Assets.xcassets */; };
		B42BF974246BC25100AD9292 /* LaunchScreen.storyboard in Resources */ = {isa = PBXBuildFile; fileRef = B42BF972246BC25100AD9292 /* LaunchScreen.storyboard */; };
		B42BF97F246BC25100AD9292 /* coronarunTests.swift in Sources */ = {isa = PBXBuildFile; fileRef = B42BF97E246BC25100AD9292 /* coronarunTests.swift */; };
		B42BF98A246BC25100AD9292 /* coronarunUITests.swift in Sources */ = {isa = PBXBuildFile; fileRef = B42BF989246BC25100AD9292 /* coronarunUITests.swift */; };
		B42BF99A246BDC5500AD9292 /* resizer.swift in Sources */ = {isa = PBXBuildFile; fileRef = B42BF999246BDC5500AD9292 /* resizer.swift */; };
		B42BF99E246BDD6D00AD9292 /* resizer.swift in Sources */ = {isa = PBXBuildFile; fileRef = B42BF999246BDC5500AD9292 /* resizer.swift */; };
		B42BF99F246BDD6E00AD9292 /* resizer.swift in Sources */ = {isa = PBXBuildFile; fileRef = B42BF999246BDC5500AD9292 /* resizer.swift */; };
		B45D1F3D2477A72900C06C4E /* f3.png in Resources */ = {isa = PBXBuildFile; fileRef = B45D1F372477A72800C06C4E /* f3.png */; };
		B45D1F3E2477A72900C06C4E /* f6.png in Resources */ = {isa = PBXBuildFile; fileRef = B45D1F382477A72900C06C4E /* f6.png */; };
		B45D1F3F2477A72900C06C4E /* f2.png in Resources */ = {isa = PBXBuildFile; fileRef = B45D1F392477A72900C06C4E /* f2.png */; };
		B45D1F402477A72900C06C4E /* f1.png in Resources */ = {isa = PBXBuildFile; fileRef = B45D1F3A2477A72900C06C4E /* f1.png */; };
		B45D1F412477A72900C06C4E /* f4.png in Resources */ = {isa = PBXBuildFile; fileRef = B45D1F3B2477A72900C06C4E /* f4.png */; };
		B45D1F422477A72900C06C4E /* f5.png in Resources */ = {isa = PBXBuildFile; fileRef = B45D1F3C2477A72900C06C4E /* f5.png */; };
		B46F060924706F730002CCEB /* row-3-col-3.png in Resources */ = {isa = PBXBuildFile; fileRef = B46F05FE24706F730002CCEB /* row-3-col-3.png */; };
		B46F060A24706F730002CCEB /* row-1-col-2.png in Resources */ = {isa = PBXBuildFile; fileRef = B46F05FF24706F730002CCEB /* row-1-col-2.png */; };
		B46F060B24706F730002CCEB /* seamless-background.png in Resources */ = {isa = PBXBuildFile; fileRef = B46F060024706F730002CCEB /* seamless-background.png */; };
		B46F060C24706F730002CCEB /* row-2-col-2.png in Resources */ = {isa = PBXBuildFile; fileRef = B46F060124706F730002CCEB /* row-2-col-2.png */; };
		B46F060D24706F730002CCEB /* row-3-col-1.png in Resources */ = {isa = PBXBuildFile; fileRef = B46F060224706F730002CCEB /* row-3-col-1.png */; };
		B46F060E24706F730002CCEB /* row-3-col-2.png in Resources */ = {isa = PBXBuildFile; fileRef = B46F060324706F730002CCEB /* row-3-col-2.png */; };
		B46F060F24706F730002CCEB /* row-1-col-3.png in Resources */ = {isa = PBXBuildFile; fileRef = B46F060424706F730002CCEB /* row-1-col-3.png */; };
		B46F061024706F730002CCEB /* row-1-col-1.png in Resources */ = {isa = PBXBuildFile; fileRef = B46F060524706F730002CCEB /* row-1-col-1.png */; };
		B46F061124706F730002CCEB /* grounds.png in Resources */ = {isa = PBXBuildFile; fileRef = B46F060624706F730002CCEB /* grounds.png */; };
		B46F061224706F730002CCEB /* row-2-col-1.png in Resources */ = {isa = PBXBuildFile; fileRef = B46F060724706F730002CCEB /* row-2-col-1.png */; };
		B46F061324706F730002CCEB /* row-2-col-3.png in Resources */ = {isa = PBXBuildFile; fileRef = B46F060824706F730002CCEB /* row-2-col-3.png */; };
		B4B73A4B2470FE3B004200E9 /* up-arrow.png in Resources */ = {isa = PBXBuildFile; fileRef = B4B73A4A2470FE3B004200E9 /* up-arrow.png */; };
		B4B73A4F247103E4004200E9 /* down-arrow.png in Resources */ = {isa = PBXBuildFile; fileRef = B4B73A4E247103E4004200E9 /* down-arrow.png */; };
		B4B7DB812472356600D8C129 /* row-4-col-1.png in Resources */ = {isa = PBXBuildFile; fileRef = B4B7DB7E2472356500D8C129 /* row-4-col-1.png */; };
		B4B7DB822472356600D8C129 /* row-4-col-2.png in Resources */ = {isa = PBXBuildFile; fileRef = B4B7DB7F2472356500D8C129 /* row-4-col-2.png */; };
		B4B7DB832472356600D8C129 /* row-4-col-3.png in Resources */ = {isa = PBXBuildFile; fileRef = B4B7DB802472356500D8C129 /* row-4-col-3.png */; };
		B4B7DB85247259AA00D8C129 /* Clipart-Email-10350186.png in Resources */ = {isa = PBXBuildFile; fileRef = B4B7DB84247259A900D8C129 /* Clipart-Email-10350186.png */; };
		B4B7DB87247265D300D8C129 /* banana-peel-2504671_640.png in Resources */ = {isa = PBXBuildFile; fileRef = B4B7DB86247265D300D8C129 /* banana-peel-2504671_640.png */; };
/* End PBXBuildFile section */

/* Begin PBXContainerItemProxy section */
		B42BF97B246BC25100AD9292 /* PBXContainerItemProxy */ = {
			isa = PBXContainerItemProxy;
			containerPortal = B42BF958246BC24F00AD9292 /* Project object */;
			proxyType = 1;
			remoteGlobalIDString = B42BF95F246BC24F00AD9292;
			remoteInfo = coronarun;
		};
		B42BF986246BC25100AD9292 /* PBXContainerItemProxy */ = {
			isa = PBXContainerItemProxy;
			containerPortal = B42BF958246BC24F00AD9292 /* Project object */;
			proxyType = 1;
			remoteGlobalIDString = B42BF95F246BC24F00AD9292;
			remoteInfo = coronarun;
		};
/* End PBXContainerItemProxy section */

/* Begin PBXFileReference section */
		B42BF960246BC24F00AD9292 /* coronarun.app */ = {isa = PBXFileReference; explicitFileType = wrapper.application; includeInIndex = 0; path = coronarun.app; sourceTree = BUILT_PRODUCTS_DIR; };
		B42BF963246BC24F00AD9292 /* AppDelegate.swift */ = {isa = PBXFileReference; lastKnownFileType = sourcecode.swift; path = AppDelegate.swift; sourceTree = "<group>"; };
		B42BF965246BC24F00AD9292 /* GameScene.sks */ = {isa = PBXFileReference; lastKnownFileType = file.sks; path = GameScene.sks; sourceTree = "<group>"; };
		B42BF967246BC24F00AD9292 /* Actions.sks */ = {isa = PBXFileReference; lastKnownFileType = file.sks; path = Actions.sks; sourceTree = "<group>"; };
		B42BF969246BC24F00AD9292 /* GameScene.swift */ = {isa = PBXFileReference; lastKnownFileType = sourcecode.swift; path = GameScene.swift; sourceTree = "<group>"; };
		B42BF96B246BC24F00AD9292 /* GameViewController.swift */ = {isa = PBXFileReference; lastKnownFileType = sourcecode.swift; path = GameViewController.swift; sourceTree = "<group>"; };
		B42BF96E246BC24F00AD9292 /* Base */ = {isa = PBXFileReference; lastKnownFileType = file.storyboard; name = Base; path = Base.lproj/Main.storyboard; sourceTree = "<group>"; };
		B42BF970246BC25100AD9292 /* Assets.xcassets */ = {isa = PBXFileReference; lastKnownFileType = folder.assetcatalog; path = Assets.xcassets; sourceTree = "<group>"; };
		B42BF973246BC25100AD9292 /* Base */ = {isa = PBXFileReference; lastKnownFileType = file.storyboard; name = Base; path = Base.lproj/LaunchScreen.storyboard; sourceTree = "<group>"; };
		B42BF975246BC25100AD9292 /* Info.plist */ = {isa = PBXFileReference; lastKnownFileType = text.plist.xml; path = Info.plist; sourceTree = "<group>"; };
		B42BF97A246BC25100AD9292 /* coronarunTests.xctest */ = {isa = PBXFileReference; explicitFileType = wrapper.cfbundle; includeInIndex = 0; path = coronarunTests.xctest; sourceTree = BUILT_PRODUCTS_DIR; };
		B42BF97E246BC25100AD9292 /* coronarunTests.swift */ = {isa = PBXFileReference; lastKnownFileType = sourcecode.swift; path = coronarunTests.swift; sourceTree = "<group>"; };
		B42BF980246BC25100AD9292 /* Info.plist */ = {isa = PBXFileReference; lastKnownFileType = text.plist.xml; path = Info.plist; sourceTree = "<group>"; };
		B42BF985246BC25100AD9292 /* coronarunUITests.xctest */ = {isa = PBXFileReference; explicitFileType = wrapper.cfbundle; includeInIndex = 0; path = coronarunUITests.xctest; sourceTree = BUILT_PRODUCTS_DIR; };
		B42BF989246BC25100AD9292 /* coronarunUITests.swift */ = {isa = PBXFileReference; lastKnownFileType = sourcecode.swift; path = coronarunUITests.swift; sourceTree = "<group>"; };
		B42BF98B246BC25100AD9292 /* Info.plist */ = {isa = PBXFileReference; lastKnownFileType = text.plist.xml; path = Info.plist; sourceTree = "<group>"; };
		B42BF999246BDC5500AD9292 /* resizer.swift */ = {isa = PBXFileReference; lastKnownFileType = sourcecode.swift; path = resizer.swift; sourceTree = "<group>"; };
		B45D1F372477A72800C06C4E /* f3.png */ = {isa = PBXFileReference; lastKnownFileType = image.png; name = f3.png; path = animation/f3.png; sourceTree = "<group>"; };
		B45D1F382477A72900C06C4E /* f6.png */ = {isa = PBXFileReference; lastKnownFileType = image.png; name = f6.png; path = animation/f6.png; sourceTree = "<group>"; };
		B45D1F392477A72900C06C4E /* f2.png */ = {isa = PBXFileReference; lastKnownFileType = image.png; name = f2.png; path = animation/f2.png; sourceTree = "<group>"; };
		B45D1F3A2477A72900C06C4E /* f1.png */ = {isa = PBXFileReference; lastKnownFileType = image.png; name = f1.png; path = animation/f1.png; sourceTree = "<group>"; };
		B45D1F3B2477A72900C06C4E /* f4.png */ = {isa = PBXFileReference; lastKnownFileType = image.png; name = f4.png; path = animation/f4.png; sourceTree = "<group>"; };
		B45D1F3C2477A72900C06C4E /* f5.png */ = {isa = PBXFileReference; lastKnownFileType = image.png; name = f5.png; path = animation/f5.png; sourceTree = "<group>"; };
		B46F05FE24706F730002CCEB /* row-3-col-3.png */ = {isa = PBXFileReference; lastKnownFileType = image.png; name = "row-3-col-3.png"; path = "./animation/row-3-col-3.png"; sourceTree = "<group>"; };
		B46F05FF24706F730002CCEB /* row-1-col-2.png */ = {isa = PBXFileReference; lastKnownFileType = image.png; name = "row-1-col-2.png"; path = "./animation/row-1-col-2.png"; sourceTree = "<group>"; };
		B46F060024706F730002CCEB /* seamless-background.png */ = {isa = PBXFileReference; lastKnownFileType = image.png; name = "seamless-background.png"; path = "./animation/seamless-background.png"; sourceTree = "<group>"; };
		B46F060124706F730002CCEB /* row-2-col-2.png */ = {isa = PBXFileReference; lastKnownFileType = image.png; name = "row-2-col-2.png"; path = "./animation/row-2-col-2.png"; sourceTree = "<group>"; };
		B46F060224706F730002CCEB /* row-3-col-1.png */ = {isa = PBXFileReference; lastKnownFileType = image.png; name = "row-3-col-1.png"; path = "./animation/row-3-col-1.png"; sourceTree = "<group>"; };
		B46F060324706F730002CCEB /* row-3-col-2.png */ = {isa = PBXFileReference; lastKnownFileType = image.png; name = "row-3-col-2.png"; path = "./animation/row-3-col-2.png"; sourceTree = "<group>"; };
		B46F060424706F730002CCEB /* row-1-col-3.png */ = {isa = PBXFileReference; lastKnownFileType = image.png; name = "row-1-col-3.png"; path = "./animation/row-1-col-3.png"; sourceTree = "<group>"; };
		B46F060524706F730002CCEB /* row-1-col-1.png */ = {isa = PBXFileReference; lastKnownFileType = image.png; name = "row-1-col-1.png"; path = "./animation/row-1-col-1.png"; sourceTree = "<group>"; };
		B46F060624706F730002CCEB /* grounds.png */ = {isa = PBXFileReference; lastKnownFileType = image.png; name = grounds.png; path = ./animation/grounds.png; sourceTree = "<group>"; };
		B46F060724706F730002CCEB /* row-2-col-1.png */ = {isa = PBXFileReference; lastKnownFileType = image.png; name = "row-2-col-1.png"; path = "./animation/row-2-col-1.png"; sourceTree = "<group>"; };
		B46F060824706F730002CCEB /* row-2-col-3.png */ = {isa = PBXFileReference; lastKnownFileType = image.png; name = "row-2-col-3.png"; path = "./animation/row-2-col-3.png"; sourceTree = "<group>"; };
		B4B73A4A2470FE3B004200E9 /* up-arrow.png */ = {isa = PBXFileReference; lastKnownFileType = image.png; name = "up-arrow.png"; path = "animation/up-arrow.png"; sourceTree = "<group>"; };
		B4B73A4E247103E4004200E9 /* down-arrow.png */ = {isa = PBXFileReference; lastKnownFileType = image.png; name = "down-arrow.png"; path = "animation/down-arrow.png"; sourceTree = "<group>"; };
		B4B7DB7E2472356500D8C129 /* row-4-col-1.png */ = {isa = PBXFileReference; lastKnownFileType = image.png; name = "row-4-col-1.png"; path = "animation/row-4-col-1.png"; sourceTree = "<group>"; };
		B4B7DB7F2472356500D8C129 /* row-4-col-2.png */ = {isa = PBXFileReference; lastKnownFileType = image.png; name = "row-4-col-2.png"; path = "animation/row-4-col-2.png"; sourceTree = "<group>"; };
		B4B7DB802472356500D8C129 /* row-4-col-3.png */ = {isa = PBXFileReference; lastKnownFileType = image.png; name = "row-4-col-3.png"; path = "animation/row-4-col-3.png"; sourceTree = "<group>"; };
		B4B7DB84247259A900D8C129 /* Clipart-Email-10350186.png */ = {isa = PBXFileReference; lastKnownFileType = image.png; name = "Clipart-Email-10350186.png"; path = "animation/Clipart-Email-10350186.png"; sourceTree = "<group>"; };
		B4B7DB86247265D300D8C129 /* banana-peel-2504671_640.png */ = {isa = PBXFileReference; lastKnownFileType = image.png; name = "banana-peel-2504671_640.png"; path = "animation/banana-peel-2504671_640.png"; sourceTree = "<group>"; };
/* End PBXFileReference section */

/* Begin PBXFrameworksBuildPhase section */
		B42BF95D246BC24F00AD9292 /* Frameworks */ = {
			isa = PBXFrameworksBuildPhase;
			buildActionMask = 2147483647;
			files = (
			);
			runOnlyForDeploymentPostprocessing = 0;
		};
		B42BF977246BC25100AD9292 /* Frameworks */ = {
			isa = PBXFrameworksBuildPhase;
			buildActionMask = 2147483647;
			files = (
			);
			runOnlyForDeploymentPostprocessing = 0;
		};
		B42BF982246BC25100AD9292 /* Frameworks */ = {
			isa = PBXFrameworksBuildPhase;
			buildActionMask = 2147483647;
			files = (
			);
			runOnlyForDeploymentPostprocessing = 0;
		};
/* End PBXFrameworksBuildPhase section */

/* Begin PBXGroup section */
		B42BF957246BC24F00AD9292 = {
			isa = PBXGroup;
			children = (
				B42BF962246BC24F00AD9292 /* coronarun */,
				B42BF97D246BC25100AD9292 /* coronarunTests */,
				B42BF988246BC25100AD9292 /* coronarunUITests */,
				B42BF961246BC24F00AD9292 /* Products */,
			);
			sourceTree = "<group>";
		};
		B42BF961246BC24F00AD9292 /* Products */ = {
			isa = PBXGroup;
			children = (
				B42BF960246BC24F00AD9292 /* coronarun.app */,
				B42BF97A246BC25100AD9292 /* coronarunTests.xctest */,
				B42BF985246BC25100AD9292 /* coronarunUITests.xctest */,
			);
			name = Products;
			sourceTree = "<group>";
		};
		B42BF962246BC24F00AD9292 /* coronarun */ = {
			isa = PBXGroup;
			children = (
				B42BF963246BC24F00AD9292 /* AppDelegate.swift */,
				B42BF965246BC24F00AD9292 /* GameScene.sks */,
				B42BF967246BC24F00AD9292 /* Actions.sks */,
				B42BF969246BC24F00AD9292 /* GameScene.swift */,
				B45D1F3A2477A72900C06C4E /* f1.png */,
				B45D1F392477A72900C06C4E /* f2.png */,
				B45D1F372477A72800C06C4E /* f3.png */,
				B45D1F3B2477A72900C06C4E /* f4.png */,
				B45D1F3C2477A72900C06C4E /* f5.png */,
				B45D1F382477A72900C06C4E /* f6.png */,
				B4B7DB86247265D300D8C129 /* banana-peel-2504671_640.png */,
				B4B7DB84247259A900D8C129 /* Clipart-Email-10350186.png */,
				B46F060624706F730002CCEB /* grounds.png */,
				B4B7DB7E2472356500D8C129 /* row-4-col-1.png */,
				B4B7DB7F2472356500D8C129 /* row-4-col-2.png */,
				B4B7DB802472356500D8C129 /* row-4-col-3.png */,
				B4B73A4A2470FE3B004200E9 /* up-arrow.png */,
				B4B73A4E247103E4004200E9 /* down-arrow.png */,
				B46F060524706F730002CCEB /* row-1-col-1.png */,
				B46F05FF24706F730002CCEB /* row-1-col-2.png */,
				B46F060424706F730002CCEB /* row-1-col-3.png */,
				B46F060724706F730002CCEB /* row-2-col-1.png */,
				B46F060124706F730002CCEB /* row-2-col-2.png */,
				B46F060824706F730002CCEB /* row-2-col-3.png */,
				B46F060224706F730002CCEB /* row-3-col-1.png */,
				B46F060324706F730002CCEB /* row-3-col-2.png */,
				B46F05FE24706F730002CCEB /* row-3-col-3.png */,
				B46F060024706F730002CCEB /* seamless-background.png */,
				B42BF999246BDC5500AD9292 /* resizer.swift */,
				B42BF96B246BC24F00AD9292 /* GameViewController.swift */,
				B42BF96D246BC24F00AD9292 /* Main.storyboard */,
				B42BF970246BC25100AD9292 /* Assets.xcassets */,
				B42BF972246BC25100AD9292 /* LaunchScreen.storyboard */,
				B42BF975246BC25100AD9292 /* Info.plist */,
			);
			path = coronarun;
			sourceTree = "<group>";
		};
		B42BF97D246BC25100AD9292 /* coronarunTests */ = {
			isa = PBXGroup;
			children = (
				B42BF97E246BC25100AD9292 /* coronarunTests.swift */,
				B42BF980246BC25100AD9292 /* Info.plist */,
			);
			path = coronarunTests;
			sourceTree = "<group>";
		};
		B42BF988246BC25100AD9292 /* coronarunUITests */ = {
			isa = PBXGroup;
			children = (
				B42BF989246BC25100AD9292 /* coronarunUITests.swift */,
				B42BF98B246BC25100AD9292 /* Info.plist */,
			);
			path = coronarunUITests;
			sourceTree = "<group>";
		};
/* End PBXGroup section */

/* Begin PBXNativeTarget section */
		B42BF95F246BC24F00AD9292 /* coronarun */ = {
			isa = PBXNativeTarget;
			buildConfigurationList = B42BF98E246BC25100AD9292 /* Build configuration list for PBXNativeTarget "coronarun" */;
			buildPhases = (
				B42BF95C246BC24F00AD9292 /* Sources */,
				B42BF95D246BC24F00AD9292 /* Frameworks */,
				B42BF95E246BC24F00AD9292 /* Resources */,
			);
			buildRules = (
			);
			dependencies = (
			);
			name = coronarun;
			productName = coronarun;
			productReference = B42BF960246BC24F00AD9292 /* coronarun.app */;
			productType = "com.apple.product-type.application";
		};
		B42BF979246BC25100AD9292 /* coronarunTests */ = {
			isa = PBXNativeTarget;
			buildConfigurationList = B42BF991246BC25100AD9292 /* Build configuration list for PBXNativeTarget "coronarunTests" */;
			buildPhases = (
				B42BF976246BC25100AD9292 /* Sources */,
				B42BF977246BC25100AD9292 /* Frameworks */,
				B42BF978246BC25100AD9292 /* Resources */,
			);
			buildRules = (
			);
			dependencies = (
				B42BF97C246BC25100AD9292 /* PBXTargetDependency */,
			);
			name = coronarunTests;
			productName = coronarunTests;
			productReference = B42BF97A246BC25100AD9292 /* coronarunTests.xctest */;
			productType = "com.apple.product-type.bundle.unit-test";
		};
		B42BF984246BC25100AD9292 /* coronarunUITests */ = {
			isa = PBXNativeTarget;
			buildConfigurationList = B42BF994246BC25100AD9292 /* Build configuration list for PBXNativeTarget "coronarunUITests" */;
			buildPhases = (
				B42BF981246BC25100AD9292 /* Sources */,
				B42BF982246BC25100AD9292 /* Frameworks */,
				B42BF983246BC25100AD9292 /* Resources */,
			);
			buildRules = (
			);
			dependencies = (
				B42BF987246BC25100AD9292 /* PBXTargetDependency */,
			);
			name = coronarunUITests;
			productName = coronarunUITests;
			productReference = B42BF985246BC25100AD9292 /* coronarunUITests.xctest */;
			productType = "com.apple.product-type.bundle.ui-testing";
		};
/* End PBXNativeTarget section */

/* Begin PBXProject section */
		B42BF958246BC24F00AD9292 /* Project object */ = {
			isa = PBXProject;
			attributes = {
				LastSwiftUpdateCheck = 1140;
				LastUpgradeCheck = 1140;
				ORGANIZATIONNAME = "Brian Limaye";
				TargetAttributes = {
					B42BF95F246BC24F00AD9292 = {
						CreatedOnToolsVersion = 11.4.1;
					};
					B42BF979246BC25100AD9292 = {
						CreatedOnToolsVersion = 11.4.1;
						TestTargetID = B42BF95F246BC24F00AD9292;
					};
					B42BF984246BC25100AD9292 = {
						CreatedOnToolsVersion = 11.4.1;
						TestTargetID = B42BF95F246BC24F00AD9292;
					};
				};
			};
			buildConfigurationList = B42BF95B246BC24F00AD9292 /* Build configuration list for PBXProject "coronarun" */;
			compatibilityVersion = "Xcode 9.3";
			developmentRegion = en;
			hasScannedForEncodings = 0;
			knownRegions = (
				en,
				Base,
			);
			mainGroup = B42BF957246BC24F00AD9292;
			productRefGroup = B42BF961246BC24F00AD9292 /* Products */;
			projectDirPath = "";
			projectRoot = "";
			targets = (
				B42BF95F246BC24F00AD9292 /* coronarun */,
				B42BF979246BC25100AD9292 /* coronarunTests */,
				B42BF984246BC25100AD9292 /* coronarunUITests */,
			);
		};
/* End PBXProject section */

/* Begin PBXResourcesBuildPhase section */
		B42BF95E246BC24F00AD9292 /* Resources */ = {
			isa = PBXResourcesBuildPhase;
			buildActionMask = 2147483647;
			files = (
				B4B7DB812472356600D8C129 /* row-4-col-1.png in Resources */,
				B4B7DB822472356600D8C129 /* row-4-col-2.png in Resources */,
				B46F060A24706F730002CCEB /* row-1-col-2.png in Resources */,
				B4B73A4B2470FE3B004200E9 /* up-arrow.png in Resources */,
				B46F060E24706F730002CCEB /* row-3-col-2.png in Resources */,
				B45D1F3E2477A72900C06C4E /* f6.png in Resources */,
				B46F060D24706F730002CCEB /* row-3-col-1.png in Resources */,
				B42BF96F246BC24F00AD9292 /* Main.storyboard in Resources */,
				B46F061324706F730002CCEB /* row-2-col-3.png in Resources */,
				B4B7DB85247259AA00D8C129 /* Clipart-Email-10350186.png in Resources */,
				B46F061024706F730002CCEB /* row-1-col-1.png in Resources */,
				B45D1F3D2477A72900C06C4E /* f3.png in Resources */,
				B45D1F422477A72900C06C4E /* f5.png in Resources */,
				B4B7DB832472356600D8C129 /* row-4-col-3.png in Resources */,
				B45D1F3F2477A72900C06C4E /* f2.png in Resources */,
				B4B73A4F247103E4004200E9 /* down-arrow.png in Resources */,
				B46F060924706F730002CCEB /* row-3-col-3.png in Resources */,
				B46F061224706F730002CCEB /* row-2-col-1.png in Resources */,
				B42BF966246BC24F00AD9292 /* GameScene.sks in Resources */,
				B45D1F402477A72900C06C4E /* f1.png in Resources */,
				B46F060B24706F730002CCEB /* seamless-background.png in Resources */,
				B46F060F24706F730002CCEB /* row-1-col-3.png in Resources */,
				B42BF971246BC25100AD9292 /* Assets.xcassets in Resources */,
				B46F061124706F730002CCEB /* grounds.png in Resources */,
				B46F060C24706F730002CCEB /* row-2-col-2.png in Resources */,
				B42BF974246BC25100AD9292 /* LaunchScreen.storyboard in Resources */,
				B42BF968246BC24F00AD9292 /* Actions.sks in Resources */,
				B4B7DB87247265D300D8C129 /* banana-peel-2504671_640.png in Resources */,
				B45D1F412477A72900C06C4E /* f4.png in Resources */,
			);
			runOnlyForDeploymentPostprocessing = 0;
		};
		B42BF978246BC25100AD9292 /* Resources */ = {
			isa = PBXResourcesBuildPhase;
			buildActionMask = 2147483647;
			files = (
			);
			runOnlyForDeploymentPostprocessing = 0;
		};
		B42BF983246BC25100AD9292 /* Resources */ = {
			isa = PBXResourcesBuildPhase;
			buildActionMask = 2147483647;
			files = (
			);
			runOnlyForDeploymentPostprocessing = 0;
		};
/* End PBXResourcesBuildPhase section */

/* Begin PBXSourcesBuildPhase section */
		B42BF95C246BC24F00AD9292 /* Sources */ = {
			isa = PBXSourcesBuildPhase;
			buildActionMask = 2147483647;
			files = (
				B42BF99A246BDC5500AD9292 /* resizer.swift in Sources */,
				B42BF96A246BC24F00AD9292 /* GameScene.swift in Sources */,
				B42BF96C246BC24F00AD9292 /* GameViewController.swift in Sources */,
				B42BF964246BC24F00AD9292 /* AppDelegate.swift in Sources */,
			);
			runOnlyForDeploymentPostprocessing = 0;
		};
		B42BF976246BC25100AD9292 /* Sources */ = {
			isa = PBXSourcesBuildPhase;
			buildActionMask = 2147483647;
			files = (
				B42BF99E246BDD6D00AD9292 /* resizer.swift in Sources */,
				B42BF97F246BC25100AD9292 /* coronarunTests.swift in Sources */,
			);
			runOnlyForDeploymentPostprocessing = 0;
		};
		B42BF981246BC25100AD9292 /* Sources */ = {
			isa = PBXSourcesBuildPhase;
			buildActionMask = 2147483647;
			files = (
				B42BF99F246BDD6E00AD9292 /* resizer.swift in Sources */,
				B42BF98A246BC25100AD9292 /* coronarunUITests.swift in Sources */,
			);
			runOnlyForDeploymentPostprocessing = 0;
		};
/* End PBXSourcesBuildPhase section */

/* Begin PBXTargetDependency section */
		B42BF97C246BC25100AD9292 /* PBXTargetDependency */ = {
			isa = PBXTargetDependency;
			target = B42BF95F246BC24F00AD9292 /* coronarun */;
			targetProxy = B42BF97B246BC25100AD9292 /* PBXContainerItemProxy */;
		};
		B42BF987246BC25100AD9292 /* PBXTargetDependency */ = {
			isa = PBXTargetDependency;
			target = B42BF95F246BC24F00AD9292 /* coronarun */;
			targetProxy = B42BF986246BC25100AD9292 /* PBXContainerItemProxy */;
		};
/* End PBXTargetDependency section */

/* Begin PBXVariantGroup section */
		B42BF96D246BC24F00AD9292 /* Main.storyboard */ = {
			isa = PBXVariantGroup;
			children = (
				B42BF96E246BC24F00AD9292 /* Base */,
			);
			name = Main.storyboard;
			sourceTree = "<group>";
		};
		B42BF972246BC25100AD9292 /* LaunchScreen.storyboard */ = {
			isa = PBXVariantGroup;
			children = (
				B42BF973246BC25100AD9292 /* Base */,
			);
			name = LaunchScreen.storyboard;
			sourceTree = "<group>";
		};
/* End PBXVariantGroup section */

/* Begin XCBuildConfiguration section */
		B42BF98C246BC25100AD9292 /* Debug */ = {
			isa = XCBuildConfiguration;
			buildSettings = {
				ALWAYS_SEARCH_USER_PATHS = NO;
				CLANG_ANALYZER_NONNULL = YES;
				CLANG_ANALYZER_NUMBER_OBJECT_CONVERSION = YES_AGGRESSIVE;
				CLANG_CXX_LANGUAGE_STANDARD = "gnu++14";
				CLANG_CXX_LIBRARY = "libc++";
				CLANG_ENABLE_MODULES = YES;
				CLANG_ENABLE_OBJC_ARC = YES;
				CLANG_ENABLE_OBJC_WEAK = YES;
				CLANG_WARN_BLOCK_CAPTURE_AUTORELEASING = YES;
				CLANG_WARN_BOOL_CONVERSION = YES;
				CLANG_WARN_COMMA = YES;
				CLANG_WARN_CONSTANT_CONVERSION = YES;
				CLANG_WARN_DEPRECATED_OBJC_IMPLEMENTATIONS = YES;
				CLANG_WARN_DIRECT_OBJC_ISA_USAGE = YES_ERROR;
				CLANG_WARN_DOCUMENTATION_COMMENTS = YES;
				CLANG_WARN_EMPTY_BODY = YES;
				CLANG_WARN_ENUM_CONVERSION = YES;
				CLANG_WARN_INFINITE_RECURSION = YES;
				CLANG_WARN_INT_CONVERSION = YES;
				CLANG_WARN_NON_LITERAL_NULL_CONVERSION = YES;
				CLANG_WARN_OBJC_IMPLICIT_RETAIN_SELF = YES;
				CLANG_WARN_OBJC_LITERAL_CONVERSION = YES;
				CLANG_WARN_OBJC_ROOT_CLASS = YES_ERROR;
				CLANG_WARN_RANGE_LOOP_ANALYSIS = YES;
				CLANG_WARN_STRICT_PROTOTYPES = YES;
				CLANG_WARN_SUSPICIOUS_MOVE = YES;
				CLANG_WARN_UNGUARDED_AVAILABILITY = YES_AGGRESSIVE;
				CLANG_WARN_UNREACHABLE_CODE = YES;
				CLANG_WARN__DUPLICATE_METHOD_MATCH = YES;
				COPY_PHASE_STRIP = NO;
				DEBUG_INFORMATION_FORMAT = dwarf;
				ENABLE_STRICT_OBJC_MSGSEND = YES;
				ENABLE_TESTABILITY = YES;
				GCC_C_LANGUAGE_STANDARD = gnu11;
				GCC_DYNAMIC_NO_PIC = NO;
				GCC_NO_COMMON_BLOCKS = YES;
				GCC_OPTIMIZATION_LEVEL = 0;
				GCC_PREPROCESSOR_DEFINITIONS = (
					"DEBUG=1",
					"$(inherited)",
				);
				GCC_WARN_64_TO_32_BIT_CONVERSION = YES;
				GCC_WARN_ABOUT_RETURN_TYPE = YES_ERROR;
				GCC_WARN_UNDECLARED_SELECTOR = YES;
				GCC_WARN_UNINITIALIZED_AUTOS = YES_AGGRESSIVE;
				GCC_WARN_UNUSED_FUNCTION = YES;
				GCC_WARN_UNUSED_VARIABLE = YES;
				IPHONEOS_DEPLOYMENT_TARGET = 13.4;
				MTL_ENABLE_DEBUG_INFO = INCLUDE_SOURCE;
				MTL_FAST_MATH = YES;
				ONLY_ACTIVE_ARCH = YES;
				SDKROOT = iphoneos;
				SWIFT_ACTIVE_COMPILATION_CONDITIONS = DEBUG;
				SWIFT_OPTIMIZATION_LEVEL = "-Onone";
			};
			name = Debug;
		};
		B42BF98D246BC25100AD9292 /* Release */ = {
			isa = XCBuildConfiguration;
			buildSettings = {
				ALWAYS_SEARCH_USER_PATHS = NO;
				CLANG_ANALYZER_NONNULL = YES;
				CLANG_ANALYZER_NUMBER_OBJECT_CONVERSION = YES_AGGRESSIVE;
				CLANG_CXX_LANGUAGE_STANDARD = "gnu++14";
				CLANG_CXX_LIBRARY = "libc++";
				CLANG_ENABLE_MODULES = YES;
				CLANG_ENABLE_OBJC_ARC = YES;
				CLANG_ENABLE_OBJC_WEAK = YES;
				CLANG_WARN_BLOCK_CAPTURE_AUTORELEASING = YES;
				CLANG_WARN_BOOL_CONVERSION = YES;
				CLANG_WARN_COMMA = YES;
				CLANG_WARN_CONSTANT_CONVERSION = YES;
				CLANG_WARN_DEPRECATED_OBJC_IMPLEMENTATIONS = YES;
				CLANG_WARN_DIRECT_OBJC_ISA_USAGE = YES_ERROR;
				CLANG_WARN_DOCUMENTATION_COMMENTS = YES;
				CLANG_WARN_EMPTY_BODY = YES;
				CLANG_WARN_ENUM_CONVERSION = YES;
				CLANG_WARN_INFINITE_RECURSION = YES;
				CLANG_WARN_INT_CONVERSION = YES;
				CLANG_WARN_NON_LITERAL_NULL_CONVERSION = YES;
				CLANG_WARN_OBJC_IMPLICIT_RETAIN_SELF = YES;
				CLANG_WARN_OBJC_LITERAL_CONVERSION = YES;
				CLANG_WARN_OBJC_ROOT_CLASS = YES_ERROR;
				CLANG_WARN_RANGE_LOOP_ANALYSIS = YES;
				CLANG_WARN_STRICT_PROTOTYPES = YES;
				CLANG_WARN_SUSPICIOUS_MOVE = YES;
				CLANG_WARN_UNGUARDED_AVAILABILITY = YES_AGGRESSIVE;
				CLANG_WARN_UNREACHABLE_CODE = YES;
				CLANG_WARN__DUPLICATE_METHOD_MATCH = YES;
				COPY_PHASE_STRIP = NO;
				DEBUG_INFORMATION_FORMAT = "dwarf-with-dsym";
				ENABLE_NS_ASSERTIONS = NO;
				ENABLE_STRICT_OBJC_MSGSEND = YES;
				GCC_C_LANGUAGE_STANDARD = gnu11;
				GCC_NO_COMMON_BLOCKS = YES;
				GCC_WARN_64_TO_32_BIT_CONVERSION = YES;
				GCC_WARN_ABOUT_RETURN_TYPE = YES_ERROR;
				GCC_WARN_UNDECLARED_SELECTOR = YES;
				GCC_WARN_UNINITIALIZED_AUTOS = YES_AGGRESSIVE;
				GCC_WARN_UNUSED_FUNCTION = YES;
				GCC_WARN_UNUSED_VARIABLE = YES;
				IPHONEOS_DEPLOYMENT_TARGET = 13.4;
				MTL_ENABLE_DEBUG_INFO = NO;
				MTL_FAST_MATH = YES;
				SDKROOT = iphoneos;
				SWIFT_COMPILATION_MODE = wholemodule;
				SWIFT_OPTIMIZATION_LEVEL = "-O";
				VALIDATE_PRODUCT = YES;
			};
			name = Release;
		};
		B42BF98F246BC25100AD9292 /* Debug */ = {
			isa = XCBuildConfiguration;
			buildSettings = {
				ASSETCATALOG_COMPILER_APPICON_NAME = AppIcon;
				CODE_SIGN_STYLE = Automatic;
				INFOPLIST_FILE = coronarun/Info.plist;
				LD_RUNPATH_SEARCH_PATHS = (
					"$(inherited)",
					"@executable_path/Frameworks",
				);
				PRODUCT_BUNDLE_IDENTIFIER = bl.coronarun;
				PRODUCT_NAME = "$(TARGET_NAME)";
				SWIFT_VERSION = 5.0;
				TARGETED_DEVICE_FAMILY = "1,2";
			};
			name = Debug;
		};
		B42BF990246BC25100AD9292 /* Release */ = {
			isa = XCBuildConfiguration;
			buildSettings = {
				ASSETCATALOG_COMPILER_APPICON_NAME = AppIcon;
				CODE_SIGN_STYLE = Automatic;
				INFOPLIST_FILE = coronarun/Info.plist;
				LD_RUNPATH_SEARCH_PATHS = (
					"$(inherited)",
					"@executable_path/Frameworks",
				);
				PRODUCT_BUNDLE_IDENTIFIER = bl.coronarun;
				PRODUCT_NAME = "$(TARGET_NAME)";
				SWIFT_VERSION = 5.0;
				TARGETED_DEVICE_FAMILY = "1,2";
			};
			name = Release;
		};
		B42BF992246BC25100AD9292 /* Debug */ = {
			isa = XCBuildConfiguration;
			buildSettings = {
				ALWAYS_EMBED_SWIFT_STANDARD_LIBRARIES = YES;
				BUNDLE_LOADER = "$(TEST_HOST)";
				CODE_SIGN_STYLE = Automatic;
				INFOPLIST_FILE = coronarunTests/Info.plist;
				IPHONEOS_DEPLOYMENT_TARGET = 13.4;
				LD_RUNPATH_SEARCH_PATHS = (
					"$(inherited)",
					"@executable_path/Frameworks",
					"@loader_path/Frameworks",
				);
				PRODUCT_BUNDLE_IDENTIFIER = bl.coronarunTests;
				PRODUCT_NAME = "$(TARGET_NAME)";
				SWIFT_VERSION = 5.0;
				TARGETED_DEVICE_FAMILY = "1,2";
				TEST_HOST = "$(BUILT_PRODUCTS_DIR)/coronarun.app/coronarun";
			};
			name = Debug;
		};
		B42BF993246BC25100AD9292 /* Release */ = {
			isa = XCBuildConfiguration;
			buildSettings = {
				ALWAYS_EMBED_SWIFT_STANDARD_LIBRARIES = YES;
				BUNDLE_LOADER = "$(TEST_HOST)";
				CODE_SIGN_STYLE = Automatic;
				INFOPLIST_FILE = coronarunTests/Info.plist;
				IPHONEOS_DEPLOYMENT_TARGET = 13.4;
				LD_RUNPATH_SEARCH_PATHS = (
					"$(inherited)",
					"@executable_path/Frameworks",
					"@loader_path/Frameworks",
				);
				PRODUCT_BUNDLE_IDENTIFIER = bl.coronarunTests;
				PRODUCT_NAME = "$(TARGET_NAME)";
				SWIFT_VERSION = 5.0;
				TARGETED_DEVICE_FAMILY = "1,2";
				TEST_HOST = "$(BUILT_PRODUCTS_DIR)/coronarun.app/coronarun";
			};
			name = Release;
		};
		B42BF995246BC25100AD9292 /* Debug */ = {
			isa = XCBuildConfiguration;
			buildSettings = {
				ALWAYS_EMBED_SWIFT_STANDARD_LIBRARIES = YES;
				CODE_SIGN_STYLE = Automatic;
				INFOPLIST_FILE = coronarunUITests/Info.plist;
				LD_RUNPATH_SEARCH_PATHS = (
					"$(inherited)",
					"@executable_path/Frameworks",
					"@loader_path/Frameworks",
				);
				PRODUCT_BUNDLE_IDENTIFIER = bl.coronarunUITests;
				PRODUCT_NAME = "$(TARGET_NAME)";
				SWIFT_VERSION = 5.0;
				TARGETED_DEVICE_FAMILY = "1,2";
				TEST_TARGET_NAME = coronarun;
			};
			name = Debug;
		};
		B42BF996246BC25100AD9292 /* Release */ = {
			isa = XCBuildConfiguration;
			buildSettings = {
				ALWAYS_EMBED_SWIFT_STANDARD_LIBRARIES = YES;
				CODE_SIGN_STYLE = Automatic;
				INFOPLIST_FILE = coronarunUITests/Info.plist;
				LD_RUNPATH_SEARCH_PATHS = (
					"$(inherited)",
					"@executable_path/Frameworks",
					"@loader_path/Frameworks",
				);
				PRODUCT_BUNDLE_IDENTIFIER = bl.coronarunUITests;
				PRODUCT_NAME = "$(TARGET_NAME)";
				SWIFT_VERSION = 5.0;
				TARGETED_DEVICE_FAMILY = "1,2";
				TEST_TARGET_NAME = coronarun;
			};
			name = Release;
		};
/* End XCBuildConfiguration section */

/* Begin XCConfigurationList section */
		B42BF95B246BC24F00AD9292 /* Build configuration list for PBXProject "coronarun" */ = {
			isa = XCConfigurationList;
			buildConfigurations = (
				B42BF98C246BC25100AD9292 /* Debug */,
				B42BF98D246BC25100AD9292 /* Release */,
			);
			defaultConfigurationIsVisible = 0;
			defaultConfigurationName = Release;
		};
		B42BF98E246BC25100AD9292 /* Build configuration list for PBXNativeTarget "coronarun" */ = {
			isa = XCConfigurationList;
			buildConfigurations = (
				B42BF98F246BC25100AD9292 /* Debug */,
				B42BF990246BC25100AD9292 /* Release */,
			);
			defaultConfigurationIsVisible = 0;
			defaultConfigurationName = Release;
		};
		B42BF991246BC25100AD9292 /* Build configuration list for PBXNativeTarget "coronarunTests" */ = {
			isa = XCConfigurationList;
			buildConfigurations = (
				B42BF992246BC25100AD9292 /* Debug */,
				B42BF993246BC25100AD9292 /* Release */,
			);
			defaultConfigurationIsVisible = 0;
			defaultConfigurationName = Release;
		};
		B42BF994246BC25100AD9292 /* Build configuration list for PBXNativeTarget "coronarunUITests" */ = {
			isa = XCConfigurationList;
			buildConfigurations = (
				B42BF995246BC25100AD9292 /* Debug */,
				B42BF996246BC25100AD9292 /* Release */,
			);
			defaultConfigurationIsVisible = 0;
			defaultConfigurationName = Release;
		};
/* End XCConfigurationList section */
	};
	rootObject = B42BF958246BC24F00AD9292 /* Project object */;
}
