// !$*UTF8*$!
{
	archiveVersion = 1;
	classes = {
	};
	objectVersion = 50;
	objects = {

/* Begin PBXBuildFile section */
		B402FE70248452EB000AB014 /* HomeScene.sks in Resources */ = {isa = PBXBuildFile; fileRef = B402FE6F248452EB000AB014 /* HomeScene.sks */; };
		B402FE722484530B000AB014 /* HomeScene.swift in Sources */ = {isa = PBXBuildFile; fileRef = B402FE712484530B000AB014 /* HomeScene.swift */; };
		B402FE782484617F000AB014 /* green-splat.png in Resources */ = {isa = PBXBuildFile; fileRef = B402FE772484617E000AB014 /* green-splat.png */; };
		B402FE8024846BA6000AB014 /* Balibold-Regular.ps in Resources */ = {isa = PBXBuildFile; fileRef = B402FE7F24846BA5000AB014 /* Balibold-Regular.ps */; };
		B402FE8224846DCF000AB014 /* BubbleLoveDemo.ps in Resources */ = {isa = PBXBuildFile; fileRef = B402FE8124846DCF000AB014 /* BubbleLoveDemo.ps */; };
		B402FE842484AFD5000AB014 /* like-icon.png in Resources */ = {isa = PBXBuildFile; fileRef = B402FE832484AFD5000AB014 /* like-icon.png */; };
		B402FE862484BA87000AB014 /* question-mark.png in Resources */ = {isa = PBXBuildFile; fileRef = B402FE852484BA87000AB014 /* question-mark.png */; };
		B402FE892484BCD2000AB014 /* volume-off.png in Resources */ = {isa = PBXBuildFile; fileRef = B402FE872484BCD2000AB014 /* volume-off.png */; };
		B402FE8A2484BCD2000AB014 /* volume-on.png in Resources */ = {isa = PBXBuildFile; fileRef = B402FE882484BCD2000AB014 /* volume-on.png */; };
		B402FE8F2484C7BA000AB014 /* (b)obby-2.png in Resources */ = {isa = PBXBuildFile; fileRef = B402FE8B2484C7B9000AB014 /* (b)obby-2.png */; };
		B402FE902484C7BA000AB014 /* (b)obby-4.png in Resources */ = {isa = PBXBuildFile; fileRef = B402FE8C2484C7B9000AB014 /* (b)obby-4.png */; };
		B402FE912484C7BA000AB014 /* (b)obby-1.png in Resources */ = {isa = PBXBuildFile; fileRef = B402FE8D2484C7B9000AB014 /* (b)obby-1.png */; };
		B402FE922484C7BA000AB014 /* (b)obby-3.png in Resources */ = {isa = PBXBuildFile; fileRef = B402FE8E2484C7B9000AB014 /* (b)obby-3.png */; };
		B42BF964246BC24F00AD9292 /* AppDelegate.swift in Sources */ = {isa = PBXBuildFile; fileRef = B42BF963246BC24F00AD9292 /* AppDelegate.swift */; };
		B42BF966246BC24F00AD9292 /* GameScene.sks in Resources */ = {isa = PBXBuildFile; fileRef = B42BF965246BC24F00AD9292 /* GameScene.sks */; };
		B42BF968246BC24F00AD9292 /* Actions.sks in Resources */ = {isa = PBXBuildFile; fileRef = B42BF967246BC24F00AD9292 /* Actions.sks */; };
		B42BF96A246BC24F00AD9292 /* GameScene.swift in Sources */ = {isa = PBXBuildFile; fileRef = B42BF969246BC24F00AD9292 /* GameScene.swift */; };
		B42BF96C246BC24F00AD9292 /* GameViewController.swift in Sources */ = {isa = PBXBuildFile; fileRef = B42BF96B246BC24F00AD9292 /* GameViewController.swift */; };
		B42BF96F246BC24F00AD9292 /* Main.storyboard in Resources */ = {isa = PBXBuildFile; fileRef = B42BF96D246BC24F00AD9292 /* Main.storyboard */; };
		B42BF974246BC25100AD9292 /* LaunchScreen.storyboard in Resources */ = {isa = PBXBuildFile; fileRef = B42BF972246BC25100AD9292 /* LaunchScreen.storyboard */; };
		B42BF97F246BC25100AD9292 /* coronarunTests.swift in Sources */ = {isa = PBXBuildFile; fileRef = B42BF97E246BC25100AD9292 /* coronarunTests.swift */; };
		B42BF98A246BC25100AD9292 /* coronarunUITests.swift in Sources */ = {isa = PBXBuildFile; fileRef = B42BF989246BC25100AD9292 /* coronarunUITests.swift */; };
		B42BF99A246BDC5500AD9292 /* resizer.swift in Sources */ = {isa = PBXBuildFile; fileRef = B42BF999246BDC5500AD9292 /* resizer.swift */; };
		B42BF99E246BDD6D00AD9292 /* resizer.swift in Sources */ = {isa = PBXBuildFile; fileRef = B42BF999246BDC5500AD9292 /* resizer.swift */; };
		B42BF99F246BDD6E00AD9292 /* resizer.swift in Sources */ = {isa = PBXBuildFile; fileRef = B42BF999246BDC5500AD9292 /* resizer.swift */; };
		B42E335B24953D3900AB9C18 /* Assets.xcassets in Resources */ = {isa = PBXBuildFile; fileRef = B42E335924953D3900AB9C18 /* Assets.xcassets */; };
		B42E335D24954F5100AB9C18 /* portal.png in Resources */ = {isa = PBXBuildFile; fileRef = B42E335C24954F5100AB9C18 /* portal.png */; };
		B42E335F2495587400AB9C18 /* cool-portal.png in Resources */ = {isa = PBXBuildFile; fileRef = B42E335E2495587300AB9C18 /* cool-portal.png */; };
		B4401CC5247EE83800B49192 /* next-level-icon.png in Resources */ = {isa = PBXBuildFile; fileRef = B4401CC4247EE83800B49192 /* next-level-icon.png */; };
		B4401CC7247EEF0F00B49192 /* home-icon.png in Resources */ = {isa = PBXBuildFile; fileRef = B4401CC6247EEF0F00B49192 /* home-icon.png */; };
		B4401CCD24803F5400B49192 /* CarbonBl-Regular.ps in Resources */ = {isa = PBXBuildFile; fileRef = B4401CCC24803F5400B49192 /* CarbonBl-Regular.ps */; };
		B45D1F3D2477A72900C06C4E /* jessica-3.png in Resources */ = {isa = PBXBuildFile; fileRef = B45D1F372477A72800C06C4E /* jessica-3.png */; };
		B45D1F3E2477A72900C06C4E /* jessica-6.png in Resources */ = {isa = PBXBuildFile; fileRef = B45D1F382477A72900C06C4E /* jessica-6.png */; };
		B45D1F3F2477A72900C06C4E /* jessica-2.png in Resources */ = {isa = PBXBuildFile; fileRef = B45D1F392477A72900C06C4E /* jessica-2.png */; };
		B45D1F402477A72900C06C4E /* jessica-1.png in Resources */ = {isa = PBXBuildFile; fileRef = B45D1F3A2477A72900C06C4E /* jessica-1.png */; };
		B45D1F412477A72900C06C4E /* jessica-4.png in Resources */ = {isa = PBXBuildFile; fileRef = B45D1F3B2477A72900C06C4E /* jessica-4.png */; };
		B45D1F422477A72900C06C4E /* jessica-5.png in Resources */ = {isa = PBXBuildFile; fileRef = B45D1F3C2477A72900C06C4E /* jessica-5.png */; };
		B46304832485AD0D004CC114 /* (b)obby-2 (1).png in Resources */ = {isa = PBXBuildFile; fileRef = B46304802485AD0C004CC114 /* (b)obby-2 (1).png */; };
		B46304842485AD0D004CC114 /* (b)obby-3 (1).png in Resources */ = {isa = PBXBuildFile; fileRef = B46304812485AD0C004CC114 /* (b)obby-3 (1).png */; };
		B46304852485AD0D004CC114 /* (b)obby-4 (1).png in Resources */ = {isa = PBXBuildFile; fileRef = B46304822485AD0C004CC114 /* (b)obby-4 (1).png */; };
		B463048A2485BBF5004CC114 /* idle-2.png in Resources */ = {isa = PBXBuildFile; fileRef = B46304862485BBF4004CC114 /* idle-2.png */; };
		B463048B2485BBF5004CC114 /* idle-4.png in Resources */ = {isa = PBXBuildFile; fileRef = B46304872485BBF5004CC114 /* idle-4.png */; };
		B463048C2485BBF5004CC114 /* idle-1.png in Resources */ = {isa = PBXBuildFile; fileRef = B46304882485BBF5004CC114 /* idle-1.png */; };
		B463048D2485BBF5004CC114 /* idle-3.png in Resources */ = {isa = PBXBuildFile; fileRef = B46304892485BBF5004CC114 /* idle-3.png */; };
		B46F060924706F730002CCEB /* bandit-9.png in Resources */ = {isa = PBXBuildFile; fileRef = B46F05FE24706F730002CCEB /* bandit-9.png */; };
		B46F060A24706F730002CCEB /* bandit-2.png in Resources */ = {isa = PBXBuildFile; fileRef = B46F05FF24706F730002CCEB /* bandit-2.png */; };
		B46F060B24706F730002CCEB /* seamless-background.png in Resources */ = {isa = PBXBuildFile; fileRef = B46F060024706F730002CCEB /* seamless-background.png */; };
		B46F060C24706F730002CCEB /* bandit-5.png in Resources */ = {isa = PBXBuildFile; fileRef = B46F060124706F730002CCEB /* bandit-5.png */; };
		B46F060D24706F730002CCEB /* bandit-7.png in Resources */ = {isa = PBXBuildFile; fileRef = B46F060224706F730002CCEB /* bandit-7.png */; };
		B46F060E24706F730002CCEB /* bandit-8.png in Resources */ = {isa = PBXBuildFile; fileRef = B46F060324706F730002CCEB /* bandit-8.png */; };
		B46F060F24706F730002CCEB /* bandit-3.png in Resources */ = {isa = PBXBuildFile; fileRef = B46F060424706F730002CCEB /* bandit-3.png */; };
		B46F061024706F730002CCEB /* bandit-1.png in Resources */ = {isa = PBXBuildFile; fileRef = B46F060524706F730002CCEB /* bandit-1.png */; };
		B46F061124706F730002CCEB /* grounds.png in Resources */ = {isa = PBXBuildFile; fileRef = B46F060624706F730002CCEB /* grounds.png */; };
		B46F061224706F730002CCEB /* bandit-4.png in Resources */ = {isa = PBXBuildFile; fileRef = B46F060724706F730002CCEB /* bandit-4.png */; };
		B46F061324706F730002CCEB /* bandit-6.png in Resources */ = {isa = PBXBuildFile; fileRef = B46F060824706F730002CCEB /* bandit-6.png */; };
		B4701F0E24958DD400A3CED8 /* world1.png in Resources */ = {isa = PBXBuildFile; fileRef = B4701F0D24958DD400A3CED8 /* world1.png */; };
		B4763B4C2492B5EB00665A99 /* batframe-1.png in Resources */ = {isa = PBXBuildFile; fileRef = B4763B482492B5EB00665A99 /* batframe-1.png */; };
		B4763B4D2492B5EB00665A99 /* batframe-2.png in Resources */ = {isa = PBXBuildFile; fileRef = B4763B492492B5EB00665A99 /* batframe-2.png */; };
		B4763B4E2492B5EB00665A99 /* batframe-3.png in Resources */ = {isa = PBXBuildFile; fileRef = B4763B4A2492B5EB00665A99 /* batframe-3.png */; };
		B4763B4F2492B5EB00665A99 /* batframe-4.png in Resources */ = {isa = PBXBuildFile; fileRef = B4763B4B2492B5EB00665A99 /* batframe-4.png */; };
		B4763B6324933EDE00665A99 /* Assets.xcassets in Resources */ = {isa = PBXBuildFile; fileRef = B4763B6124933EDE00665A99 /* Assets.xcassets */; };
		B4763B6A249347B500665A99 /* shimmer.sks in Resources */ = {isa = PBXBuildFile; fileRef = B4763B68249347B500665A99 /* shimmer.sks */; };
		B4763B6D2493FB9A00665A99 /* soapbottle.png in Resources */ = {isa = PBXBuildFile; fileRef = B4763B6C2493FB9A00665A99 /* soapbottle.png */; };
		B4763B6F249418C600665A99 /* hand-sanitizer.png in Resources */ = {isa = PBXBuildFile; fileRef = B4763B6E249418C600665A99 /* hand-sanitizer.png */; };
		B4763B712494663F00665A99 /* green-germ-1.png in Resources */ = {isa = PBXBuildFile; fileRef = B4763B702494663E00665A99 /* green-germ-1.png */; };
		B49EEC052481E8CD001309E2 /* menu-icon.png in Resources */ = {isa = PBXBuildFile; fileRef = B49EEC042481E8CC001309E2 /* menu-icon.png */; };
		B4B581FD247B660D0043CEEB /* bobby-8.png in Resources */ = {isa = PBXBuildFile; fileRef = B4B581ED247B660C0043CEEB /* bobby-8.png */; };
		B4B581FE247B660D0043CEEB /* bobby-7.png in Resources */ = {isa = PBXBuildFile; fileRef = B4B581EE247B660C0043CEEB /* bobby-7.png */; };
		B4B58200247B660D0043CEEB /* bobby-9.png in Resources */ = {isa = PBXBuildFile; fileRef = B4B581F0247B660C0043CEEB /* bobby-9.png */; };
		B4B58201247B660D0043CEEB /* bobby-13.png in Resources */ = {isa = PBXBuildFile; fileRef = B4B581F1247B660C0043CEEB /* bobby-13.png */; };
		B4B58202247B660D0043CEEB /* bobby-5.png in Resources */ = {isa = PBXBuildFile; fileRef = B4B581F2247B660C0043CEEB /* bobby-5.png */; };
		B4B58204247B660D0043CEEB /* bobby-14.png in Resources */ = {isa = PBXBuildFile; fileRef = B4B581F4247B660D0043CEEB /* bobby-14.png */; };
		B4B58205247B660D0043CEEB /* bobby-10.png in Resources */ = {isa = PBXBuildFile; fileRef = B4B581F5247B660D0043CEEB /* bobby-10.png */; };
		B4B58206247B660D0043CEEB /* bobby-11.png in Resources */ = {isa = PBXBuildFile; fileRef = B4B581F6247B660D0043CEEB /* bobby-11.png */; };
		B4B58207247B660D0043CEEB /* bobby-16.png in Resources */ = {isa = PBXBuildFile; fileRef = B4B581F7247B660D0043CEEB /* bobby-16.png */; };
		B4B58208247B660D0043CEEB /* bobby-15.png in Resources */ = {isa = PBXBuildFile; fileRef = B4B581F8247B660D0043CEEB /* bobby-15.png */; };
		B4B5820A247B660D0043CEEB /* bobby-12.png in Resources */ = {isa = PBXBuildFile; fileRef = B4B581FA247B660D0043CEEB /* bobby-12.png */; };
		B4B5820C247B660D0043CEEB /* bobby-6.png in Resources */ = {isa = PBXBuildFile; fileRef = B4B581FC247B660D0043CEEB /* bobby-6.png */; };
		B4B58212247E281F0043CEEB /* replay-button.png in Resources */ = {isa = PBXBuildFile; fileRef = B4B58211247E281F0043CEEB /* replay-button.png */; };
		B4B73A4B2470FE3B004200E9 /* up-arrow.png in Resources */ = {isa = PBXBuildFile; fileRef = B4B73A4A2470FE3B004200E9 /* up-arrow.png */; };
		B4B73A4F247103E4004200E9 /* down-arrow.png in Resources */ = {isa = PBXBuildFile; fileRef = B4B73A4E247103E4004200E9 /* down-arrow.png */; };
		B4B7DB812472356600D8C129 /* bandit-10.png in Resources */ = {isa = PBXBuildFile; fileRef = B4B7DB7E2472356500D8C129 /* bandit-10.png */; };
		B4B7DB822472356600D8C129 /* bandit-11.png in Resources */ = {isa = PBXBuildFile; fileRef = B4B7DB7F2472356500D8C129 /* bandit-11.png */; };
		B4B7DB832472356600D8C129 /* bandit-12.png in Resources */ = {isa = PBXBuildFile; fileRef = B4B7DB802472356500D8C129 /* bandit-12.png */; };
		B4B7DB85247259AA00D8C129 /* blue-germ-1.png in Resources */ = {isa = PBXBuildFile; fileRef = B4B7DB84247259A900D8C129 /* blue-germ-1.png */; };
		B4B7DB87247265D300D8C129 /* banana-peel.png in Resources */ = {isa = PBXBuildFile; fileRef = B4B7DB86247265D300D8C129 /* banana-peel.png */; };
		B4BAD2ED24870E950008ED87 /* Maassslicer3D.ps in Resources */ = {isa = PBXBuildFile; fileRef = B4BAD2EC24870E940008ED87 /* Maassslicer3D.ps */; };
		B4BAD2F124870FAF0008ED87 /* MaassslicerItalic.ps in Resources */ = {isa = PBXBuildFile; fileRef = B4BAD2F024870FAF0008ED87 /* MaassslicerItalic.ps */; };
		B4BAD2F324883BA20008ED87 /* KeyVirtueRegular.ps in Resources */ = {isa = PBXBuildFile; fileRef = B4BAD2F224883BA20008ED87 /* KeyVirtueRegular.ps */; };
		B4BCA8DF2486C52500EE3735 /* MenuScene.sks in Resources */ = {isa = PBXBuildFile; fileRef = B4BCA8DE2486C52500EE3735 /* MenuScene.sks */; };
		B4BCA8E32486C5C000EE3735 /* MenuScene.swift in Sources */ = {isa = PBXBuildFile; fileRef = B4BCA8E22486C5C000EE3735 /* MenuScene.swift */; };
		B4BCA8E52486E36F00EE3735 /* orange-menu.png in Resources */ = {isa = PBXBuildFile; fileRef = B4BCA8E42486E36F00EE3735 /* orange-menu.png */; };
		B4EDE0782488703700B33711 /* DKHand-Regular.ps in Resources */ = {isa = PBXBuildFile; fileRef = B4EDE0772488703700B33711 /* DKHand-Regular.ps */; };
/* End PBXBuildFile section */

/* Begin PBXContainerItemProxy section */
		B42BF97B246BC25100AD9292 /* PBXContainerItemProxy */ = {
			isa = PBXContainerItemProxy;
			containerPortal = B42BF958246BC24F00AD9292 /* Project object */;
			proxyType = 1;
			remoteGlobalIDString = B42BF95F246BC24F00AD9292;
			remoteInfo = coronarun;
		};
		B42BF986246BC25100AD9292 /* PBXContainerItemProxy */ = {
			isa = PBXContainerItemProxy;
			containerPortal = B42BF958246BC24F00AD9292 /* Project object */;
			proxyType = 1;
			remoteGlobalIDString = B42BF95F246BC24F00AD9292;
			remoteInfo = coronarun;
		};
/* End PBXContainerItemProxy section */

/* Begin PBXFileReference section */
		B402FE6F248452EB000AB014 /* HomeScene.sks */ = {isa = PBXFileReference; lastKnownFileType = file.sks; path = HomeScene.sks; sourceTree = "<group>"; };
		B402FE712484530B000AB014 /* HomeScene.swift */ = {isa = PBXFileReference; lastKnownFileType = sourcecode.swift; path = HomeScene.swift; sourceTree = "<group>"; };
		B402FE772484617E000AB014 /* green-splat.png */ = {isa = PBXFileReference; lastKnownFileType = image.png; name = "green-splat.png"; path = "animation/green-splat.png"; sourceTree = "<group>"; };
		B402FE7F24846BA5000AB014 /* Balibold-Regular.ps */ = {isa = PBXFileReference; lastKnownFileType = file; name = "Balibold-Regular.ps"; path = "animation/Balibold-Regular.ps"; sourceTree = "<group>"; };
		B402FE8124846DCF000AB014 /* BubbleLoveDemo.ps */ = {isa = PBXFileReference; lastKnownFileType = file; name = BubbleLoveDemo.ps; path = animation/BubbleLoveDemo.ps; sourceTree = "<group>"; };
		B402FE832484AFD5000AB014 /* like-icon.png */ = {isa = PBXFileReference; lastKnownFileType = image.png; name = "like-icon.png"; path = "animation/like-icon.png"; sourceTree = "<group>"; };
		B402FE852484BA87000AB014 /* question-mark.png */ = {isa = PBXFileReference; lastKnownFileType = image.png; name = "question-mark.png"; path = "animation/question-mark.png"; sourceTree = "<group>"; };
		B402FE872484BCD2000AB014 /* volume-off.png */ = {isa = PBXFileReference; lastKnownFileType = image.png; name = "volume-off.png"; path = "animation/volume-off.png"; sourceTree = "<group>"; };
		B402FE882484BCD2000AB014 /* volume-on.png */ = {isa = PBXFileReference; lastKnownFileType = image.png; name = "volume-on.png"; path = "animation/volume-on.png"; sourceTree = "<group>"; };
		B402FE8B2484C7B9000AB014 /* (b)obby-2.png */ = {isa = PBXFileReference; lastKnownFileType = image.png; name = "(b)obby-2.png"; path = "animation/(b)obby-2.png"; sourceTree = "<group>"; };
		B402FE8C2484C7B9000AB014 /* (b)obby-4.png */ = {isa = PBXFileReference; lastKnownFileType = image.png; name = "(b)obby-4.png"; path = "animation/(b)obby-4.png"; sourceTree = "<group>"; };
		B402FE8D2484C7B9000AB014 /* (b)obby-1.png */ = {isa = PBXFileReference; lastKnownFileType = image.png; name = "(b)obby-1.png"; path = "animation/(b)obby-1.png"; sourceTree = "<group>"; };
		B402FE8E2484C7B9000AB014 /* (b)obby-3.png */ = {isa = PBXFileReference; lastKnownFileType = image.png; name = "(b)obby-3.png"; path = "animation/(b)obby-3.png"; sourceTree = "<group>"; };
		B42BF960246BC24F00AD9292 /* coronarun.app */ = {isa = PBXFileReference; explicitFileType = wrapper.application; includeInIndex = 0; path = coronarun.app; sourceTree = BUILT_PRODUCTS_DIR; };
		B42BF963246BC24F00AD9292 /* AppDelegate.swift */ = {isa = PBXFileReference; lastKnownFileType = sourcecode.swift; path = AppDelegate.swift; sourceTree = "<group>"; };
		B42BF965246BC24F00AD9292 /* GameScene.sks */ = {isa = PBXFileReference; lastKnownFileType = file.sks; path = GameScene.sks; sourceTree = "<group>"; };
		B42BF967246BC24F00AD9292 /* Actions.sks */ = {isa = PBXFileReference; lastKnownFileType = file.sks; path = Actions.sks; sourceTree = "<group>"; };
		B42BF969246BC24F00AD9292 /* GameScene.swift */ = {isa = PBXFileReference; lastKnownFileType = sourcecode.swift; path = GameScene.swift; sourceTree = "<group>"; };
		B42BF96B246BC24F00AD9292 /* GameViewController.swift */ = {isa = PBXFileReference; lastKnownFileType = sourcecode.swift; path = GameViewController.swift; sourceTree = "<group>"; };
		B42BF96E246BC24F00AD9292 /* Base */ = {isa = PBXFileReference; lastKnownFileType = file.storyboard; name = Base; path = Base.lproj/Main.storyboard; sourceTree = "<group>"; };
		B42BF973246BC25100AD9292 /* Base */ = {isa = PBXFileReference; lastKnownFileType = file.storyboard; name = Base; path = Base.lproj/LaunchScreen.storyboard; sourceTree = "<group>"; };
		B42BF975246BC25100AD9292 /* Info.plist */ = {isa = PBXFileReference; lastKnownFileType = text.plist.xml; path = Info.plist; sourceTree = "<group>"; };
		B42BF97A246BC25100AD9292 /* coronarunTests.xctest */ = {isa = PBXFileReference; explicitFileType = wrapper.cfbundle; includeInIndex = 0; path = coronarunTests.xctest; sourceTree = BUILT_PRODUCTS_DIR; };
		B42BF97E246BC25100AD9292 /* coronarunTests.swift */ = {isa = PBXFileReference; lastKnownFileType = sourcecode.swift; path = coronarunTests.swift; sourceTree = "<group>"; };
		B42BF980246BC25100AD9292 /* Info.plist */ = {isa = PBXFileReference; lastKnownFileType = text.plist.xml; path = Info.plist; sourceTree = "<group>"; };
		B42BF985246BC25100AD9292 /* coronarunUITests.xctest */ = {isa = PBXFileReference; explicitFileType = wrapper.cfbundle; includeInIndex = 0; path = coronarunUITests.xctest; sourceTree = BUILT_PRODUCTS_DIR; };
		B42BF989246BC25100AD9292 /* coronarunUITests.swift */ = {isa = PBXFileReference; lastKnownFileType = sourcecode.swift; path = coronarunUITests.swift; sourceTree = "<group>"; };
		B42BF98B246BC25100AD9292 /* Info.plist */ = {isa = PBXFileReference; lastKnownFileType = text.plist.xml; path = Info.plist; sourceTree = "<group>"; };
		B42BF999246BDC5500AD9292 /* resizer.swift */ = {isa = PBXFileReference; lastKnownFileType = sourcecode.swift; path = resizer.swift; sourceTree = "<group>"; };
		B42E335924953D3900AB9C18 /* Assets.xcassets */ = {isa = PBXFileReference; lastKnownFileType = folder.assetcatalog; path = Assets.xcassets; sourceTree = "<group>"; };
		B42E335C24954F5100AB9C18 /* portal.png */ = {isa = PBXFileReference; lastKnownFileType = image.png; name = portal.png; path = animation/portal.png; sourceTree = "<group>"; };
		B42E335E2495587300AB9C18 /* cool-portal.png */ = {isa = PBXFileReference; lastKnownFileType = image.png; name = "cool-portal.png"; path = "animation/cool-portal.png"; sourceTree = "<group>"; };
		B4401CC4247EE83800B49192 /* next-level-icon.png */ = {isa = PBXFileReference; lastKnownFileType = image.png; name = "next-level-icon.png"; path = "animation/next-level-icon.png"; sourceTree = "<group>"; };
		B4401CC6247EEF0F00B49192 /* home-icon.png */ = {isa = PBXFileReference; lastKnownFileType = image.png; name = "home-icon.png"; path = "animation/home-icon.png"; sourceTree = "<group>"; };
		B4401CCC24803F5400B49192 /* CarbonBl-Regular.ps */ = {isa = PBXFileReference; lastKnownFileType = file; name = "CarbonBl-Regular.ps"; path = "animation/CarbonBl-Regular.ps"; sourceTree = "<group>"; };
		B45D1F372477A72800C06C4E /* jessica-3.png */ = {isa = PBXFileReference; lastKnownFileType = image.png; name = "jessica-3.png"; path = "animation/jessica-3.png"; sourceTree = "<group>"; };
		B45D1F382477A72900C06C4E /* jessica-6.png */ = {isa = PBXFileReference; lastKnownFileType = image.png; name = "jessica-6.png"; path = "animation/jessica-6.png"; sourceTree = "<group>"; };
		B45D1F392477A72900C06C4E /* jessica-2.png */ = {isa = PBXFileReference; lastKnownFileType = image.png; name = "jessica-2.png"; path = "animation/jessica-2.png"; sourceTree = "<group>"; };
		B45D1F3A2477A72900C06C4E /* jessica-1.png */ = {isa = PBXFileReference; lastKnownFileType = image.png; name = "jessica-1.png"; path = "animation/jessica-1.png"; sourceTree = "<group>"; };
		B45D1F3B2477A72900C06C4E /* jessica-4.png */ = {isa = PBXFileReference; lastKnownFileType = image.png; name = "jessica-4.png"; path = "animation/jessica-4.png"; sourceTree = "<group>"; };
		B45D1F3C2477A72900C06C4E /* jessica-5.png */ = {isa = PBXFileReference; lastKnownFileType = image.png; name = "jessica-5.png"; path = "animation/jessica-5.png"; sourceTree = "<group>"; };
		B46304802485AD0C004CC114 /* (b)obby-2 (1).png */ = {isa = PBXFileReference; lastKnownFileType = image.png; name = "(b)obby-2 (1).png"; path = "animation/(b)obby-2 (1).png"; sourceTree = "<group>"; };
		B46304812485AD0C004CC114 /* (b)obby-3 (1).png */ = {isa = PBXFileReference; lastKnownFileType = image.png; name = "(b)obby-3 (1).png"; path = "animation/(b)obby-3 (1).png"; sourceTree = "<group>"; };
		B46304822485AD0C004CC114 /* (b)obby-4 (1).png */ = {isa = PBXFileReference; lastKnownFileType = image.png; name = "(b)obby-4 (1).png"; path = "animation/(b)obby-4 (1).png"; sourceTree = "<group>"; };
		B46304862485BBF4004CC114 /* idle-2.png */ = {isa = PBXFileReference; lastKnownFileType = image.png; name = "idle-2.png"; path = "animation/idle-2.png"; sourceTree = "<group>"; };
		B46304872485BBF5004CC114 /* idle-4.png */ = {isa = PBXFileReference; lastKnownFileType = image.png; name = "idle-4.png"; path = "animation/idle-4.png"; sourceTree = "<group>"; };
		B46304882485BBF5004CC114 /* idle-1.png */ = {isa = PBXFileReference; lastKnownFileType = image.png; name = "idle-1.png"; path = "animation/idle-1.png"; sourceTree = "<group>"; };
		B46304892485BBF5004CC114 /* idle-3.png */ = {isa = PBXFileReference; lastKnownFileType = image.png; name = "idle-3.png"; path = "animation/idle-3.png"; sourceTree = "<group>"; };
		B46F05FE24706F730002CCEB /* bandit-9.png */ = {isa = PBXFileReference; lastKnownFileType = image.png; name = "bandit-9.png"; path = "animation/bandit-9.png"; sourceTree = "<group>"; };
		B46F05FF24706F730002CCEB /* bandit-2.png */ = {isa = PBXFileReference; lastKnownFileType = image.png; name = "bandit-2.png"; path = "animation/bandit-2.png"; sourceTree = "<group>"; };
		B46F060024706F730002CCEB /* seamless-background.png */ = {isa = PBXFileReference; lastKnownFileType = image.png; name = "seamless-background.png"; path = "./animation/seamless-background.png"; sourceTree = "<group>"; };
		B46F060124706F730002CCEB /* bandit-5.png */ = {isa = PBXFileReference; lastKnownFileType = image.png; name = "bandit-5.png"; path = "animation/bandit-5.png"; sourceTree = "<group>"; };
		B46F060224706F730002CCEB /* bandit-7.png */ = {isa = PBXFileReference; lastKnownFileType = image.png; name = "bandit-7.png"; path = "animation/bandit-7.png"; sourceTree = "<group>"; };
		B46F060324706F730002CCEB /* bandit-8.png */ = {isa = PBXFileReference; lastKnownFileType = image.png; name = "bandit-8.png"; path = "animation/bandit-8.png"; sourceTree = "<group>"; };
		B46F060424706F730002CCEB /* bandit-3.png */ = {isa = PBXFileReference; lastKnownFileType = image.png; name = "bandit-3.png"; path = "animation/bandit-3.png"; sourceTree = "<group>"; };
		B46F060524706F730002CCEB /* bandit-1.png */ = {isa = PBXFileReference; lastKnownFileType = image.png; name = "bandit-1.png"; path = "animation/bandit-1.png"; sourceTree = "<group>"; };
		B46F060624706F730002CCEB /* grounds.png */ = {isa = PBXFileReference; lastKnownFileType = image.png; name = grounds.png; path = ./animation/grounds.png; sourceTree = "<group>"; };
		B46F060724706F730002CCEB /* bandit-4.png */ = {isa = PBXFileReference; lastKnownFileType = image.png; name = "bandit-4.png"; path = "animation/bandit-4.png"; sourceTree = "<group>"; };
		B46F060824706F730002CCEB /* bandit-6.png */ = {isa = PBXFileReference; lastKnownFileType = image.png; name = "bandit-6.png"; path = "animation/bandit-6.png"; sourceTree = "<group>"; };
		B4701F0D24958DD400A3CED8 /* world1.png */ = {isa = PBXFileReference; lastKnownFileType = image.png; name = world1.png; path = animation/world1.png; sourceTree = "<group>"; };
		B4763B482492B5EB00665A99 /* batframe-1.png */ = {isa = PBXFileReference; lastKnownFileType = image.png; name = "batframe-1.png"; path = "animation/batframe-1.png"; sourceTree = "<group>"; };
		B4763B492492B5EB00665A99 /* batframe-2.png */ = {isa = PBXFileReference; lastKnownFileType = image.png; name = "batframe-2.png"; path = "animation/batframe-2.png"; sourceTree = "<group>"; };
		B4763B4A2492B5EB00665A99 /* batframe-3.png */ = {isa = PBXFileReference; lastKnownFileType = image.png; name = "batframe-3.png"; path = "animation/batframe-3.png"; sourceTree = "<group>"; };
		B4763B4B2492B5EB00665A99 /* batframe-4.png */ = {isa = PBXFileReference; lastKnownFileType = image.png; name = "batframe-4.png"; path = "animation/batframe-4.png"; sourceTree = "<group>"; };
		B4763B6124933EDE00665A99 /* Assets.xcassets */ = {isa = PBXFileReference; lastKnownFileType = folder.assetcatalog; path = Assets.xcassets; sourceTree = "<group>"; };
		B4763B68249347B500665A99 /* shimmer.sks */ = {isa = PBXFileReference; lastKnownFileType = file.sks; path = shimmer.sks; sourceTree = "<group>"; };
		B4763B6C2493FB9A00665A99 /* soapbottle.png */ = {isa = PBXFileReference; lastKnownFileType = image.png; name = soapbottle.png; path = animation/soapbottle.png; sourceTree = "<group>"; };
		B4763B6E249418C600665A99 /* hand-sanitizer.png */ = {isa = PBXFileReference; lastKnownFileType = image.png; name = "hand-sanitizer.png"; path = "animation/hand-sanitizer.png"; sourceTree = "<group>"; };
		B4763B702494663E00665A99 /* green-germ-1.png */ = {isa = PBXFileReference; lastKnownFileType = image.png; name = "green-germ-1.png"; path = "animation/green-germ-1.png"; sourceTree = "<group>"; };
		B49EEC042481E8CC001309E2 /* menu-icon.png */ = {isa = PBXFileReference; lastKnownFileType = image.png; name = "menu-icon.png"; path = "animation/menu-icon.png"; sourceTree = "<group>"; };
		B4B581ED247B660C0043CEEB /* bobby-8.png */ = {isa = PBXFileReference; lastKnownFileType = image.png; name = "bobby-8.png"; path = "animation/bobby-8.png"; sourceTree = "<group>"; };
		B4B581EE247B660C0043CEEB /* bobby-7.png */ = {isa = PBXFileReference; lastKnownFileType = image.png; name = "bobby-7.png"; path = "animation/bobby-7.png"; sourceTree = "<group>"; };
		B4B581F0247B660C0043CEEB /* bobby-9.png */ = {isa = PBXFileReference; lastKnownFileType = image.png; name = "bobby-9.png"; path = "animation/bobby-9.png"; sourceTree = "<group>"; };
		B4B581F1247B660C0043CEEB /* bobby-13.png */ = {isa = PBXFileReference; lastKnownFileType = image.png; name = "bobby-13.png"; path = "animation/bobby-13.png"; sourceTree = "<group>"; };
		B4B581F2247B660C0043CEEB /* bobby-5.png */ = {isa = PBXFileReference; lastKnownFileType = image.png; name = "bobby-5.png"; path = "animation/bobby-5.png"; sourceTree = "<group>"; };
		B4B581F4247B660D0043CEEB /* bobby-14.png */ = {isa = PBXFileReference; lastKnownFileType = image.png; name = "bobby-14.png"; path = "animation/bobby-14.png"; sourceTree = "<group>"; };
		B4B581F5247B660D0043CEEB /* bobby-10.png */ = {isa = PBXFileReference; lastKnownFileType = image.png; name = "bobby-10.png"; path = "animation/bobby-10.png"; sourceTree = "<group>"; };
		B4B581F6247B660D0043CEEB /* bobby-11.png */ = {isa = PBXFileReference; lastKnownFileType = image.png; name = "bobby-11.png"; path = "animation/bobby-11.png"; sourceTree = "<group>"; };
		B4B581F7247B660D0043CEEB /* bobby-16.png */ = {isa = PBXFileReference; lastKnownFileType = image.png; name = "bobby-16.png"; path = "animation/bobby-16.png"; sourceTree = "<group>"; };
		B4B581F8247B660D0043CEEB /* bobby-15.png */ = {isa = PBXFileReference; lastKnownFileType = image.png; name = "bobby-15.png"; path = "animation/bobby-15.png"; sourceTree = "<group>"; };
		B4B581FA247B660D0043CEEB /* bobby-12.png */ = {isa = PBXFileReference; lastKnownFileType = image.png; name = "bobby-12.png"; path = "animation/bobby-12.png"; sourceTree = "<group>"; };
		B4B581FC247B660D0043CEEB /* bobby-6.png */ = {isa = PBXFileReference; lastKnownFileType = image.png; name = "bobby-6.png"; path = "animation/bobby-6.png"; sourceTree = "<group>"; };
		B4B58211247E281F0043CEEB /* replay-button.png */ = {isa = PBXFileReference; lastKnownFileType = image.png; name = "replay-button.png"; path = "animation/replay-button.png"; sourceTree = "<group>"; };
		B4B73A4A2470FE3B004200E9 /* up-arrow.png */ = {isa = PBXFileReference; lastKnownFileType = image.png; name = "up-arrow.png"; path = "animation/up-arrow.png"; sourceTree = "<group>"; };
		B4B73A4E247103E4004200E9 /* down-arrow.png */ = {isa = PBXFileReference; lastKnownFileType = image.png; name = "down-arrow.png"; path = "animation/down-arrow.png"; sourceTree = "<group>"; };
		B4B7DB7E2472356500D8C129 /* bandit-10.png */ = {isa = PBXFileReference; lastKnownFileType = image.png; name = "bandit-10.png"; path = "animation/bandit-10.png"; sourceTree = "<group>"; };
		B4B7DB7F2472356500D8C129 /* bandit-11.png */ = {isa = PBXFileReference; lastKnownFileType = image.png; name = "bandit-11.png"; path = "animation/bandit-11.png"; sourceTree = "<group>"; };
		B4B7DB802472356500D8C129 /* bandit-12.png */ = {isa = PBXFileReference; lastKnownFileType = image.png; name = "bandit-12.png"; path = "animation/bandit-12.png"; sourceTree = "<group>"; };
		B4B7DB84247259A900D8C129 /* blue-germ-1.png */ = {isa = PBXFileReference; lastKnownFileType = image.png; name = "blue-germ-1.png"; path = "animation/blue-germ-1.png"; sourceTree = "<group>"; };
		B4B7DB86247265D300D8C129 /* banana-peel.png */ = {isa = PBXFileReference; lastKnownFileType = image.png; name = "banana-peel.png"; path = "animation/banana-peel.png"; sourceTree = "<group>"; };
		B4BAD2EC24870E940008ED87 /* Maassslicer3D.ps */ = {isa = PBXFileReference; lastKnownFileType = file; name = Maassslicer3D.ps; path = animation/Maassslicer3D.ps; sourceTree = "<group>"; };
		B4BAD2F024870FAF0008ED87 /* MaassslicerItalic.ps */ = {isa = PBXFileReference; lastKnownFileType = file; name = MaassslicerItalic.ps; path = animation/MaassslicerItalic.ps; sourceTree = "<group>"; };
		B4BAD2F224883BA20008ED87 /* KeyVirtueRegular.ps */ = {isa = PBXFileReference; lastKnownFileType = file; name = KeyVirtueRegular.ps; path = animation/KeyVirtueRegular.ps; sourceTree = "<group>"; };
		B4BCA8DE2486C52500EE3735 /* MenuScene.sks */ = {isa = PBXFileReference; lastKnownFileType = file.sks; path = MenuScene.sks; sourceTree = "<group>"; };
		B4BCA8E22486C5C000EE3735 /* MenuScene.swift */ = {isa = PBXFileReference; lastKnownFileType = sourcecode.swift; path = MenuScene.swift; sourceTree = "<group>"; };
		B4BCA8E42486E36F00EE3735 /* orange-menu.png */ = {isa = PBXFileReference; lastKnownFileType = image.png; name = "orange-menu.png"; path = "animation/orange-menu.png"; sourceTree = "<group>"; };
		B4EDE0772488703700B33711 /* DKHand-Regular.ps */ = {isa = PBXFileReference; lastKnownFileType = file; name = "DKHand-Regular.ps"; path = "animation/DKHand-Regular.ps"; sourceTree = "<group>"; };
/* End PBXFileReference section */

/* Begin PBXFrameworksBuildPhase section */
		B42BF95D246BC24F00AD9292 /* Frameworks */ = {
			isa = PBXFrameworksBuildPhase;
			buildActionMask = 2147483647;
			files = (
			);
			runOnlyForDeploymentPostprocessing = 0;
		};
		B42BF977246BC25100AD9292 /* Frameworks */ = {
			isa = PBXFrameworksBuildPhase;
			buildActionMask = 2147483647;
			files = (
			);
			runOnlyForDeploymentPostprocessing = 0;
		};
		B42BF982246BC25100AD9292 /* Frameworks */ = {
			isa = PBXFrameworksBuildPhase;
			buildActionMask = 2147483647;
			files = (
			);
			runOnlyForDeploymentPostprocessing = 0;
		};
/* End PBXFrameworksBuildPhase section */

/* Begin PBXGroup section */
		B42BF957246BC24F00AD9292 = {
			isa = PBXGroup;
			children = (
				B4763B6124933EDE00665A99 /* Assets.xcassets */,
				B42BF962246BC24F00AD9292 /* coronarun */,
				B42BF97D246BC25100AD9292 /* coronarunTests */,
				B42BF988246BC25100AD9292 /* coronarunUITests */,
				B42BF961246BC24F00AD9292 /* Products */,
			);
			sourceTree = "<group>";
		};
		B42BF961246BC24F00AD9292 /* Products */ = {
			isa = PBXGroup;
			children = (
				B42BF960246BC24F00AD9292 /* coronarun.app */,
				B42BF97A246BC25100AD9292 /* coronarunTests.xctest */,
				B42BF985246BC25100AD9292 /* coronarunUITests.xctest */,
			);
			name = Products;
			sourceTree = "<group>";
		};
		B42BF962246BC24F00AD9292 /* coronarun */ = {
			isa = PBXGroup;
			children = (
				B42BF963246BC24F00AD9292 /* AppDelegate.swift */,
				B42BF967246BC24F00AD9292 /* Actions.sks */,
				B42BF965246BC24F00AD9292 /* GameScene.sks */,
				B4763B68249347B500665A99 /* shimmer.sks */,
				B42E335924953D3900AB9C18 /* Assets.xcassets */,
				B402FE6F248452EB000AB014 /* HomeScene.sks */,
				B4BCA8DE2486C52500EE3735 /* MenuScene.sks */,
				B402FE712484530B000AB014 /* HomeScene.swift */,
				B4BCA8E22486C5C000EE3735 /* MenuScene.swift */,
				B42BF969246BC24F00AD9292 /* GameScene.swift */,
				B49EEC042481E8CC001309E2 /* menu-icon.png */,
				B4701F0D24958DD400A3CED8 /* world1.png */,
				B42E335E2495587300AB9C18 /* cool-portal.png */,
				B42E335C24954F5100AB9C18 /* portal.png */,
				B4763B702494663E00665A99 /* green-germ-1.png */,
				B4763B6E249418C600665A99 /* hand-sanitizer.png */,
				B4763B6C2493FB9A00665A99 /* soapbottle.png */,
				B4EDE0772488703700B33711 /* DKHand-Regular.ps */,
				B4BAD2F224883BA20008ED87 /* KeyVirtueRegular.ps */,
				B4BAD2F024870FAF0008ED87 /* MaassslicerItalic.ps */,
				B4BCA8E42486E36F00EE3735 /* orange-menu.png */,
				B4BAD2EC24870E940008ED87 /* Maassslicer3D.ps */,
				B4763B482492B5EB00665A99 /* batframe-1.png */,
				B4763B492492B5EB00665A99 /* batframe-2.png */,
				B4763B4A2492B5EB00665A99 /* batframe-3.png */,
				B4763B4B2492B5EB00665A99 /* batframe-4.png */,
				B46304882485BBF5004CC114 /* idle-1.png */,
				B46304862485BBF4004CC114 /* idle-2.png */,
				B46304892485BBF5004CC114 /* idle-3.png */,
				B46304872485BBF5004CC114 /* idle-4.png */,
				B46304802485AD0C004CC114 /* (b)obby-2 (1).png */,
				B46304812485AD0C004CC114 /* (b)obby-3 (1).png */,
				B46304822485AD0C004CC114 /* (b)obby-4 (1).png */,
				B402FE7F24846BA5000AB014 /* Balibold-Regular.ps */,
				B402FE772484617E000AB014 /* green-splat.png */,
				B402FE872484BCD2000AB014 /* volume-off.png */,
				B402FE882484BCD2000AB014 /* volume-on.png */,
				B402FE852484BA87000AB014 /* question-mark.png */,
				B402FE832484AFD5000AB014 /* like-icon.png */,
				B402FE8124846DCF000AB014 /* BubbleLoveDemo.ps */,
				B4401CCC24803F5400B49192 /* CarbonBl-Regular.ps */,
				B4401CC6247EEF0F00B49192 /* home-icon.png */,
				B4401CC4247EE83800B49192 /* next-level-icon.png */,
				B4B58211247E281F0043CEEB /* replay-button.png */,
				B402FE8D2484C7B9000AB014 /* (b)obby-1.png */,
				B402FE8B2484C7B9000AB014 /* (b)obby-2.png */,
				B402FE8E2484C7B9000AB014 /* (b)obby-3.png */,
				B402FE8C2484C7B9000AB014 /* (b)obby-4.png */,
				B4B581F2247B660C0043CEEB /* bobby-5.png */,
				B4B581FC247B660D0043CEEB /* bobby-6.png */,
				B4B581EE247B660C0043CEEB /* bobby-7.png */,
				B4B581ED247B660C0043CEEB /* bobby-8.png */,
				B4B581F0247B660C0043CEEB /* bobby-9.png */,
				B4B581F5247B660D0043CEEB /* bobby-10.png */,
				B4B581F6247B660D0043CEEB /* bobby-11.png */,
				B4B581FA247B660D0043CEEB /* bobby-12.png */,
				B4B581F1247B660C0043CEEB /* bobby-13.png */,
				B4B581F4247B660D0043CEEB /* bobby-14.png */,
				B4B581F8247B660D0043CEEB /* bobby-15.png */,
				B4B581F7247B660D0043CEEB /* bobby-16.png */,
				B45D1F3A2477A72900C06C4E /* jessica-1.png */,
				B45D1F392477A72900C06C4E /* jessica-2.png */,
				B45D1F372477A72800C06C4E /* jessica-3.png */,
				B45D1F3B2477A72900C06C4E /* jessica-4.png */,
				B45D1F3C2477A72900C06C4E /* jessica-5.png */,
				B45D1F382477A72900C06C4E /* jessica-6.png */,
				B4B7DB86247265D300D8C129 /* banana-peel.png */,
				B4B7DB84247259A900D8C129 /* blue-germ-1.png */,
				B46F060624706F730002CCEB /* grounds.png */,
				B4B73A4A2470FE3B004200E9 /* up-arrow.png */,
				B4B73A4E247103E4004200E9 /* down-arrow.png */,
				B46F060524706F730002CCEB /* bandit-1.png */,
				B46F05FF24706F730002CCEB /* bandit-2.png */,
				B46F060424706F730002CCEB /* bandit-3.png */,
				B46F060724706F730002CCEB /* bandit-4.png */,
				B46F060124706F730002CCEB /* bandit-5.png */,
				B46F060824706F730002CCEB /* bandit-6.png */,
				B46F060224706F730002CCEB /* bandit-7.png */,
				B46F060324706F730002CCEB /* bandit-8.png */,
				B46F05FE24706F730002CCEB /* bandit-9.png */,
				B4B7DB7E2472356500D8C129 /* bandit-10.png */,
				B4B7DB7F2472356500D8C129 /* bandit-11.png */,
				B4B7DB802472356500D8C129 /* bandit-12.png */,
				B46F060024706F730002CCEB /* seamless-background.png */,
				B42BF999246BDC5500AD9292 /* resizer.swift */,
				B42BF96B246BC24F00AD9292 /* GameViewController.swift */,
				B42BF96D246BC24F00AD9292 /* Main.storyboard */,
				B42BF972246BC25100AD9292 /* LaunchScreen.storyboard */,
				B42BF975246BC25100AD9292 /* Info.plist */,
			);
			path = coronarun;
			sourceTree = "<group>";
		};
		B42BF97D246BC25100AD9292 /* coronarunTests */ = {
			isa = PBXGroup;
			children = (
				B42BF97E246BC25100AD9292 /* coronarunTests.swift */,
				B42BF980246BC25100AD9292 /* Info.plist */,
			);
			path = coronarunTests;
			sourceTree = "<group>";
		};
		B42BF988246BC25100AD9292 /* coronarunUITests */ = {
			isa = PBXGroup;
			children = (
				B42BF989246BC25100AD9292 /* coronarunUITests.swift */,
				B42BF98B246BC25100AD9292 /* Info.plist */,
			);
			path = coronarunUITests;
			sourceTree = "<group>";
		};
/* End PBXGroup section */

/* Begin PBXNativeTarget section */
		B42BF95F246BC24F00AD9292 /* coronarun */ = {
			isa = PBXNativeTarget;
			buildConfigurationList = B42BF98E246BC25100AD9292 /* Build configuration list for PBXNativeTarget "coronarun" */;
			buildPhases = (
				B42BF95C246BC24F00AD9292 /* Sources */,
				B42BF95D246BC24F00AD9292 /* Frameworks */,
				B42BF95E246BC24F00AD9292 /* Resources */,
			);
			buildRules = (
			);
			dependencies = (
			);
			name = coronarun;
			productName = coronarun;
			productReference = B42BF960246BC24F00AD9292 /* coronarun.app */;
			productType = "com.apple.product-type.application";
		};
		B42BF979246BC25100AD9292 /* coronarunTests */ = {
			isa = PBXNativeTarget;
			buildConfigurationList = B42BF991246BC25100AD9292 /* Build configuration list for PBXNativeTarget "coronarunTests" */;
			buildPhases = (
				B42BF976246BC25100AD9292 /* Sources */,
				B42BF977246BC25100AD9292 /* Frameworks */,
				B42BF978246BC25100AD9292 /* Resources */,
			);
			buildRules = (
			);
			dependencies = (
				B42BF97C246BC25100AD9292 /* PBXTargetDependency */,
			);
			name = coronarunTests;
			productName = coronarunTests;
			productReference = B42BF97A246BC25100AD9292 /* coronarunTests.xctest */;
			productType = "com.apple.product-type.bundle.unit-test";
		};
		B42BF984246BC25100AD9292 /* coronarunUITests */ = {
			isa = PBXNativeTarget;
			buildConfigurationList = B42BF994246BC25100AD9292 /* Build configuration list for PBXNativeTarget "coronarunUITests" */;
			buildPhases = (
				B42BF981246BC25100AD9292 /* Sources */,
				B42BF982246BC25100AD9292 /* Frameworks */,
				B42BF983246BC25100AD9292 /* Resources */,
			);
			buildRules = (
			);
			dependencies = (
				B42BF987246BC25100AD9292 /* PBXTargetDependency */,
			);
			name = coronarunUITests;
			productName = coronarunUITests;
			productReference = B42BF985246BC25100AD9292 /* coronarunUITests.xctest */;
			productType = "com.apple.product-type.bundle.ui-testing";
		};
/* End PBXNativeTarget section */

/* Begin PBXProject section */
		B42BF958246BC24F00AD9292 /* Project object */ = {
			isa = PBXProject;
			attributes = {
				LastSwiftUpdateCheck = 1140;
				LastUpgradeCheck = 1140;
				ORGANIZATIONNAME = "Brian Limaye";
				TargetAttributes = {
					B42BF95F246BC24F00AD9292 = {
						CreatedOnToolsVersion = 11.4.1;
					};
					B42BF979246BC25100AD9292 = {
						CreatedOnToolsVersion = 11.4.1;
						TestTargetID = B42BF95F246BC24F00AD9292;
					};
					B42BF984246BC25100AD9292 = {
						CreatedOnToolsVersion = 11.4.1;
						TestTargetID = B42BF95F246BC24F00AD9292;
					};
				};
			};
			buildConfigurationList = B42BF95B246BC24F00AD9292 /* Build configuration list for PBXProject "coronarun" */;
			compatibilityVersion = "Xcode 9.3";
			developmentRegion = en;
			hasScannedForEncodings = 0;
			knownRegions = (
				en,
				Base,
			);
			mainGroup = B42BF957246BC24F00AD9292;
			productRefGroup = B42BF961246BC24F00AD9292 /* Products */;
			projectDirPath = "";
			projectRoot = "";
			targets = (
				B42BF95F246BC24F00AD9292 /* coronarun */,
				B42BF979246BC25100AD9292 /* coronarunTests */,
				B42BF984246BC25100AD9292 /* coronarunUITests */,
			);
		};
/* End PBXProject section */

/* Begin PBXResourcesBuildPhase section */
		B42BF95E246BC24F00AD9292 /* Resources */ = {
			isa = PBXResourcesBuildPhase;
			buildActionMask = 2147483647;
			files = (
				B4B7DB812472356600D8C129 /* bandit-10.png in Resources */,
				B4BAD2F324883BA20008ED87 /* KeyVirtueRegular.ps in Resources */,
				B4B5820C247B660D0043CEEB /* bobby-6.png in Resources */,
				B4B581FE247B660D0043CEEB /* bobby-7.png in Resources */,
				B4BCA8DF2486C52500EE3735 /* MenuScene.sks in Resources */,
				B4B7DB822472356600D8C129 /* bandit-11.png in Resources */,
				B46F060A24706F730002CCEB /* bandit-2.png in Resources */,
				B4B73A4B2470FE3B004200E9 /* up-arrow.png in Resources */,
				B46F060E24706F730002CCEB /* bandit-8.png in Resources */,
				B402FE862484BA87000AB014 /* question-mark.png in Resources */,
				B4763B712494663F00665A99 /* green-germ-1.png in Resources */,
				B402FE912484C7BA000AB014 /* (b)obby-1.png in Resources */,
				B4763B6D2493FB9A00665A99 /* soapbottle.png in Resources */,
				B4B58202247B660D0043CEEB /* bobby-5.png in Resources */,
				B45D1F3E2477A72900C06C4E /* jessica-6.png in Resources */,
				B4B58201247B660D0043CEEB /* bobby-13.png in Resources */,
				B4763B4D2492B5EB00665A99 /* batframe-2.png in Resources */,
				B46F060D24706F730002CCEB /* bandit-7.png in Resources */,
				B463048B2485BBF5004CC114 /* idle-4.png in Resources */,
				B46304832485AD0D004CC114 /* (b)obby-2 (1).png in Resources */,
				B46304852485AD0D004CC114 /* (b)obby-4 (1).png in Resources */,
				B402FE782484617F000AB014 /* green-splat.png in Resources */,
				B42BF96F246BC24F00AD9292 /* Main.storyboard in Resources */,
				B4701F0E24958DD400A3CED8 /* world1.png in Resources */,
				B4B58205247B660D0043CEEB /* bobby-10.png in Resources */,
				B42E335B24953D3900AB9C18 /* Assets.xcassets in Resources */,
				B46F061324706F730002CCEB /* bandit-6.png in Resources */,
				B4763B6F249418C600665A99 /* hand-sanitizer.png in Resources */,
				B4B7DB85247259AA00D8C129 /* blue-germ-1.png in Resources */,
				B4B58206247B660D0043CEEB /* bobby-11.png in Resources */,
				B46F061024706F730002CCEB /* bandit-1.png in Resources */,
				B45D1F3D2477A72900C06C4E /* jessica-3.png in Resources */,
				B45D1F422477A72900C06C4E /* jessica-5.png in Resources */,
				B4B7DB832472356600D8C129 /* bandit-12.png in Resources */,
				B45D1F3F2477A72900C06C4E /* jessica-2.png in Resources */,
				B4B73A4F247103E4004200E9 /* down-arrow.png in Resources */,
				B4B581FD247B660D0043CEEB /* bobby-8.png in Resources */,
				B46F060924706F730002CCEB /* bandit-9.png in Resources */,
				B46F061224706F730002CCEB /* bandit-4.png in Resources */,
				B463048C2485BBF5004CC114 /* idle-1.png in Resources */,
				B4763B4E2492B5EB00665A99 /* batframe-3.png in Resources */,
				B4763B4F2492B5EB00665A99 /* batframe-4.png in Resources */,
				B4B58204247B660D0043CEEB /* bobby-14.png in Resources */,
				B42BF966246BC24F00AD9292 /* GameScene.sks in Resources */,
				B45D1F402477A72900C06C4E /* jessica-1.png in Resources */,
				B4B5820A247B660D0043CEEB /* bobby-12.png in Resources */,
				B46F060B24706F730002CCEB /* seamless-background.png in Resources */,
				B46F060F24706F730002CCEB /* bandit-3.png in Resources */,
				B4B58208247B660D0043CEEB /* bobby-15.png in Resources */,
				B4401CC7247EEF0F00B49192 /* home-icon.png in Resources */,
				B402FE8A2484BCD2000AB014 /* volume-on.png in Resources */,
				B42E335F2495587400AB9C18 /* cool-portal.png in Resources */,
				B4763B6A249347B500665A99 /* shimmer.sks in Resources */,
				B4401CCD24803F5400B49192 /* CarbonBl-Regular.ps in Resources */,
				B4401CC5247EE83800B49192 /* next-level-icon.png in Resources */,
				B463048D2485BBF5004CC114 /* idle-3.png in Resources */,
				B4BAD2ED24870E950008ED87 /* Maassslicer3D.ps in Resources */,
				B4763B4C2492B5EB00665A99 /* batframe-1.png in Resources */,
				B402FE842484AFD5000AB014 /* like-icon.png in Resources */,
				B402FE902484C7BA000AB014 /* (b)obby-4.png in Resources */,
				B46F061124706F730002CCEB /* grounds.png in Resources */,
				B402FE8224846DCF000AB014 /* BubbleLoveDemo.ps in Resources */,
				B46F060C24706F730002CCEB /* bandit-5.png in Resources */,
				B4B58200247B660D0043CEEB /* bobby-9.png in Resources */,
				B42E335D24954F5100AB9C18 /* portal.png in Resources */,
				B402FE70248452EB000AB014 /* HomeScene.sks in Resources */,
				B49EEC052481E8CD001309E2 /* menu-icon.png in Resources */,
				B402FE8024846BA6000AB014 /* Balibold-Regular.ps in Resources */,
				B42BF974246BC25100AD9292 /* LaunchScreen.storyboard in Resources */,
				B46304842485AD0D004CC114 /* (b)obby-3 (1).png in Resources */,
				B4763B6324933EDE00665A99 /* Assets.xcassets in Resources */,
				B4BCA8E52486E36F00EE3735 /* orange-menu.png in Resources */,
				B42BF968246BC24F00AD9292 /* Actions.sks in Resources */,
				B4B58212247E281F0043CEEB /* replay-button.png in Resources */,
				B402FE892484BCD2000AB014 /* volume-off.png in Resources */,
				B4EDE0782488703700B33711 /* DKHand-Regular.ps in Resources */,
				B4B7DB87247265D300D8C129 /* banana-peel.png in Resources */,
				B463048A2485BBF5004CC114 /* idle-2.png in Resources */,
				B4BAD2F124870FAF0008ED87 /* MaassslicerItalic.ps in Resources */,
				B4B58207247B660D0043CEEB /* bobby-16.png in Resources */,
				B402FE8F2484C7BA000AB014 /* (b)obby-2.png in Resources */,
				B45D1F412477A72900C06C4E /* jessica-4.png in Resources */,
				B402FE922484C7BA000AB014 /* (b)obby-3.png in Resources */,
			);
			runOnlyForDeploymentPostprocessing = 0;
		};
		B42BF978246BC25100AD9292 /* Resources */ = {
			isa = PBXResourcesBuildPhase;
			buildActionMask = 2147483647;
			files = (
			);
			runOnlyForDeploymentPostprocessing = 0;
		};
		B42BF983246BC25100AD9292 /* Resources */ = {
			isa = PBXResourcesBuildPhase;
			buildActionMask = 2147483647;
			files = (
			);
			runOnlyForDeploymentPostprocessing = 0;
		};
/* End PBXResourcesBuildPhase section */

/* Begin PBXSourcesBuildPhase section */
		B42BF95C246BC24F00AD9292 /* Sources */ = {
			isa = PBXSourcesBuildPhase;
			buildActionMask = 2147483647;
			files = (
				B42BF99A246BDC5500AD9292 /* resizer.swift in Sources */,
				B42BF96A246BC24F00AD9292 /* GameScene.swift in Sources */,
				B42BF96C246BC24F00AD9292 /* GameViewController.swift in Sources */,
				B4BCA8E32486C5C000EE3735 /* MenuScene.swift in Sources */,
				B402FE722484530B000AB014 /* HomeScene.swift in Sources */,
				B42BF964246BC24F00AD9292 /* AppDelegate.swift in Sources */,
			);
			runOnlyForDeploymentPostprocessing = 0;
		};
		B42BF976246BC25100AD9292 /* Sources */ = {
			isa = PBXSourcesBuildPhase;
			buildActionMask = 2147483647;
			files = (
				B42BF99E246BDD6D00AD9292 /* resizer.swift in Sources */,
				B42BF97F246BC25100AD9292 /* coronarunTests.swift in Sources */,
			);
			runOnlyForDeploymentPostprocessing = 0;
		};
		B42BF981246BC25100AD9292 /* Sources */ = {
			isa = PBXSourcesBuildPhase;
			buildActionMask = 2147483647;
			files = (
				B42BF99F246BDD6E00AD9292 /* resizer.swift in Sources */,
				B42BF98A246BC25100AD9292 /* coronarunUITests.swift in Sources */,
			);
			runOnlyForDeploymentPostprocessing = 0;
		};
/* End PBXSourcesBuildPhase section */

/* Begin PBXTargetDependency section */
		B42BF97C246BC25100AD9292 /* PBXTargetDependency */ = {
			isa = PBXTargetDependency;
			target = B42BF95F246BC24F00AD9292 /* coronarun */;
			targetProxy = B42BF97B246BC25100AD9292 /* PBXContainerItemProxy */;
		};
		B42BF987246BC25100AD9292 /* PBXTargetDependency */ = {
			isa = PBXTargetDependency;
			target = B42BF95F246BC24F00AD9292 /* coronarun */;
			targetProxy = B42BF986246BC25100AD9292 /* PBXContainerItemProxy */;
		};
/* End PBXTargetDependency section */

/* Begin PBXVariantGroup section */
		B42BF96D246BC24F00AD9292 /* Main.storyboard */ = {
			isa = PBXVariantGroup;
			children = (
				B42BF96E246BC24F00AD9292 /* Base */,
			);
			name = Main.storyboard;
			sourceTree = "<group>";
		};
		B42BF972246BC25100AD9292 /* LaunchScreen.storyboard */ = {
			isa = PBXVariantGroup;
			children = (
				B42BF973246BC25100AD9292 /* Base */,
			);
			name = LaunchScreen.storyboard;
			sourceTree = "<group>";
		};
/* End PBXVariantGroup section */

/* Begin XCBuildConfiguration section */
		B42BF98C246BC25100AD9292 /* Debug */ = {
			isa = XCBuildConfiguration;
			buildSettings = {
				ALWAYS_SEARCH_USER_PATHS = NO;
				CLANG_ANALYZER_NONNULL = YES;
				CLANG_ANALYZER_NUMBER_OBJECT_CONVERSION = YES_AGGRESSIVE;
				CLANG_CXX_LANGUAGE_STANDARD = "gnu++14";
				CLANG_CXX_LIBRARY = "libc++";
				CLANG_ENABLE_MODULES = YES;
				CLANG_ENABLE_OBJC_ARC = YES;
				CLANG_ENABLE_OBJC_WEAK = YES;
				CLANG_WARN_BLOCK_CAPTURE_AUTORELEASING = YES;
				CLANG_WARN_BOOL_CONVERSION = YES;
				CLANG_WARN_COMMA = YES;
				CLANG_WARN_CONSTANT_CONVERSION = YES;
				CLANG_WARN_DEPRECATED_OBJC_IMPLEMENTATIONS = YES;
				CLANG_WARN_DIRECT_OBJC_ISA_USAGE = YES_ERROR;
				CLANG_WARN_DOCUMENTATION_COMMENTS = YES;
				CLANG_WARN_EMPTY_BODY = YES;
				CLANG_WARN_ENUM_CONVERSION = YES;
				CLANG_WARN_INFINITE_RECURSION = YES;
				CLANG_WARN_INT_CONVERSION = YES;
				CLANG_WARN_NON_LITERAL_NULL_CONVERSION = YES;
				CLANG_WARN_OBJC_IMPLICIT_RETAIN_SELF = YES;
				CLANG_WARN_OBJC_LITERAL_CONVERSION = YES;
				CLANG_WARN_OBJC_ROOT_CLASS = YES_ERROR;
				CLANG_WARN_RANGE_LOOP_ANALYSIS = YES;
				CLANG_WARN_STRICT_PROTOTYPES = YES;
				CLANG_WARN_SUSPICIOUS_MOVE = YES;
				CLANG_WARN_UNGUARDED_AVAILABILITY = YES_AGGRESSIVE;
				CLANG_WARN_UNREACHABLE_CODE = YES;
				CLANG_WARN__DUPLICATE_METHOD_MATCH = YES;
				COPY_PHASE_STRIP = NO;
				DEBUG_INFORMATION_FORMAT = dwarf;
				ENABLE_STRICT_OBJC_MSGSEND = YES;
				ENABLE_TESTABILITY = YES;
				GCC_C_LANGUAGE_STANDARD = gnu11;
				GCC_DYNAMIC_NO_PIC = NO;
				GCC_NO_COMMON_BLOCKS = YES;
				GCC_OPTIMIZATION_LEVEL = 0;
				GCC_PREPROCESSOR_DEFINITIONS = (
					"DEBUG=1",
					"$(inherited)",
				);
				GCC_WARN_64_TO_32_BIT_CONVERSION = YES;
				GCC_WARN_ABOUT_RETURN_TYPE = YES_ERROR;
				GCC_WARN_UNDECLARED_SELECTOR = YES;
				GCC_WARN_UNINITIALIZED_AUTOS = YES_AGGRESSIVE;
				GCC_WARN_UNUSED_FUNCTION = YES;
				GCC_WARN_UNUSED_VARIABLE = YES;
				IPHONEOS_DEPLOYMENT_TARGET = 13.4;
				MTL_ENABLE_DEBUG_INFO = INCLUDE_SOURCE;
				MTL_FAST_MATH = YES;
				ONLY_ACTIVE_ARCH = YES;
				SDKROOT = iphoneos;
				SWIFT_ACTIVE_COMPILATION_CONDITIONS = DEBUG;
				SWIFT_OPTIMIZATION_LEVEL = "-Onone";
			};
			name = Debug;
		};
		B42BF98D246BC25100AD9292 /* Release */ = {
			isa = XCBuildConfiguration;
			buildSettings = {
				ALWAYS_SEARCH_USER_PATHS = NO;
				CLANG_ANALYZER_NONNULL = YES;
				CLANG_ANALYZER_NUMBER_OBJECT_CONVERSION = YES_AGGRESSIVE;
				CLANG_CXX_LANGUAGE_STANDARD = "gnu++14";
				CLANG_CXX_LIBRARY = "libc++";
				CLANG_ENABLE_MODULES = YES;
				CLANG_ENABLE_OBJC_ARC = YES;
				CLANG_ENABLE_OBJC_WEAK = YES;
				CLANG_WARN_BLOCK_CAPTURE_AUTORELEASING = YES;
				CLANG_WARN_BOOL_CONVERSION = YES;
				CLANG_WARN_COMMA = YES;
				CLANG_WARN_CONSTANT_CONVERSION = YES;
				CLANG_WARN_DEPRECATED_OBJC_IMPLEMENTATIONS = YES;
				CLANG_WARN_DIRECT_OBJC_ISA_USAGE = YES_ERROR;
				CLANG_WARN_DOCUMENTATION_COMMENTS = YES;
				CLANG_WARN_EMPTY_BODY = YES;
				CLANG_WARN_ENUM_CONVERSION = YES;
				CLANG_WARN_INFINITE_RECURSION = YES;
				CLANG_WARN_INT_CONVERSION = YES;
				CLANG_WARN_NON_LITERAL_NULL_CONVERSION = YES;
				CLANG_WARN_OBJC_IMPLICIT_RETAIN_SELF = YES;
				CLANG_WARN_OBJC_LITERAL_CONVERSION = YES;
				CLANG_WARN_OBJC_ROOT_CLASS = YES_ERROR;
				CLANG_WARN_RANGE_LOOP_ANALYSIS = YES;
				CLANG_WARN_STRICT_PROTOTYPES = YES;
				CLANG_WARN_SUSPICIOUS_MOVE = YES;
				CLANG_WARN_UNGUARDED_AVAILABILITY = YES_AGGRESSIVE;
				CLANG_WARN_UNREACHABLE_CODE = YES;
				CLANG_WARN__DUPLICATE_METHOD_MATCH = YES;
				COPY_PHASE_STRIP = NO;
				DEBUG_INFORMATION_FORMAT = "dwarf-with-dsym";
				ENABLE_NS_ASSERTIONS = NO;
				ENABLE_STRICT_OBJC_MSGSEND = YES;
				GCC_C_LANGUAGE_STANDARD = gnu11;
				GCC_NO_COMMON_BLOCKS = YES;
				GCC_WARN_64_TO_32_BIT_CONVERSION = YES;
				GCC_WARN_ABOUT_RETURN_TYPE = YES_ERROR;
				GCC_WARN_UNDECLARED_SELECTOR = YES;
				GCC_WARN_UNINITIALIZED_AUTOS = YES_AGGRESSIVE;
				GCC_WARN_UNUSED_FUNCTION = YES;
				GCC_WARN_UNUSED_VARIABLE = YES;
				IPHONEOS_DEPLOYMENT_TARGET = 13.4;
				MTL_ENABLE_DEBUG_INFO = NO;
				MTL_FAST_MATH = YES;
				SDKROOT = iphoneos;
				SWIFT_COMPILATION_MODE = wholemodule;
				SWIFT_OPTIMIZATION_LEVEL = "-O";
				VALIDATE_PRODUCT = YES;
			};
			name = Release;
		};
		B42BF98F246BC25100AD9292 /* Debug */ = {
			isa = XCBuildConfiguration;
			buildSettings = {
				ASSETCATALOG_COMPILER_APPICON_NAME = AppIcon;
				CODE_SIGN_STYLE = Automatic;
				INFOPLIST_FILE = coronarun/Info.plist;
				LD_RUNPATH_SEARCH_PATHS = (
					"$(inherited)",
					"@executable_path/Frameworks",
				);
				PRODUCT_BUNDLE_IDENTIFIER = bl.coronarun;
				PRODUCT_NAME = "$(TARGET_NAME)";
				SWIFT_VERSION = 5.0;
				TARGETED_DEVICE_FAMILY = "1,2";
			};
			name = Debug;
		};
		B42BF990246BC25100AD9292 /* Release */ = {
			isa = XCBuildConfiguration;
			buildSettings = {
				ASSETCATALOG_COMPILER_APPICON_NAME = AppIcon;
				CODE_SIGN_STYLE = Automatic;
				INFOPLIST_FILE = coronarun/Info.plist;
				LD_RUNPATH_SEARCH_PATHS = (
					"$(inherited)",
					"@executable_path/Frameworks",
				);
				PRODUCT_BUNDLE_IDENTIFIER = bl.coronarun;
				PRODUCT_NAME = "$(TARGET_NAME)";
				SWIFT_VERSION = 5.0;
				TARGETED_DEVICE_FAMILY = "1,2";
			};
			name = Release;
		};
		B42BF992246BC25100AD9292 /* Debug */ = {
			isa = XCBuildConfiguration;
			buildSettings = {
				ALWAYS_EMBED_SWIFT_STANDARD_LIBRARIES = YES;
				BUNDLE_LOADER = "$(TEST_HOST)";
				CODE_SIGN_STYLE = Automatic;
				INFOPLIST_FILE = coronarunTests/Info.plist;
				IPHONEOS_DEPLOYMENT_TARGET = 13.4;
				LD_RUNPATH_SEARCH_PATHS = (
					"$(inherited)",
					"@executable_path/Frameworks",
					"@loader_path/Frameworks",
				);
				PRODUCT_BUNDLE_IDENTIFIER = bl.coronarunTests;
				PRODUCT_NAME = "$(TARGET_NAME)";
				SWIFT_VERSION = 5.0;
				TARGETED_DEVICE_FAMILY = "1,2";
				TEST_HOST = "$(BUILT_PRODUCTS_DIR)/coronarun.app/coronarun";
			};
			name = Debug;
		};
		B42BF993246BC25100AD9292 /* Release */ = {
			isa = XCBuildConfiguration;
			buildSettings = {
				ALWAYS_EMBED_SWIFT_STANDARD_LIBRARIES = YES;
				BUNDLE_LOADER = "$(TEST_HOST)";
				CODE_SIGN_STYLE = Automatic;
				INFOPLIST_FILE = coronarunTests/Info.plist;
				IPHONEOS_DEPLOYMENT_TARGET = 13.4;
				LD_RUNPATH_SEARCH_PATHS = (
					"$(inherited)",
					"@executable_path/Frameworks",
					"@loader_path/Frameworks",
				);
				PRODUCT_BUNDLE_IDENTIFIER = bl.coronarunTests;
				PRODUCT_NAME = "$(TARGET_NAME)";
				SWIFT_VERSION = 5.0;
				TARGETED_DEVICE_FAMILY = "1,2";
				TEST_HOST = "$(BUILT_PRODUCTS_DIR)/coronarun.app/coronarun";
			};
			name = Release;
		};
		B42BF995246BC25100AD9292 /* Debug */ = {
			isa = XCBuildConfiguration;
			buildSettings = {
				ALWAYS_EMBED_SWIFT_STANDARD_LIBRARIES = YES;
				CODE_SIGN_STYLE = Automatic;
				INFOPLIST_FILE = coronarunUITests/Info.plist;
				LD_RUNPATH_SEARCH_PATHS = (
					"$(inherited)",
					"@executable_path/Frameworks",
					"@loader_path/Frameworks",
				);
				PRODUCT_BUNDLE_IDENTIFIER = bl.coronarunUITests;
				PRODUCT_NAME = "$(TARGET_NAME)";
				SWIFT_VERSION = 5.0;
				TARGETED_DEVICE_FAMILY = "1,2";
				TEST_TARGET_NAME = coronarun;
			};
			name = Debug;
		};
		B42BF996246BC25100AD9292 /* Release */ = {
			isa = XCBuildConfiguration;
			buildSettings = {
				ALWAYS_EMBED_SWIFT_STANDARD_LIBRARIES = YES;
				CODE_SIGN_STYLE = Automatic;
				INFOPLIST_FILE = coronarunUITests/Info.plist;
				LD_RUNPATH_SEARCH_PATHS = (
					"$(inherited)",
					"@executable_path/Frameworks",
					"@loader_path/Frameworks",
				);
				PRODUCT_BUNDLE_IDENTIFIER = bl.coronarunUITests;
				PRODUCT_NAME = "$(TARGET_NAME)";
				SWIFT_VERSION = 5.0;
				TARGETED_DEVICE_FAMILY = "1,2";
				TEST_TARGET_NAME = coronarun;
			};
			name = Release;
		};
/* End XCBuildConfiguration section */

/* Begin XCConfigurationList section */
		B42BF95B246BC24F00AD9292 /* Build configuration list for PBXProject "coronarun" */ = {
			isa = XCConfigurationList;
			buildConfigurations = (
				B42BF98C246BC25100AD9292 /* Debug */,
				B42BF98D246BC25100AD9292 /* Release */,
			);
			defaultConfigurationIsVisible = 0;
			defaultConfigurationName = Release;
		};
		B42BF98E246BC25100AD9292 /* Build configuration list for PBXNativeTarget "coronarun" */ = {
			isa = XCConfigurationList;
			buildConfigurations = (
				B42BF98F246BC25100AD9292 /* Debug */,
				B42BF990246BC25100AD9292 /* Release */,
			);
			defaultConfigurationIsVisible = 0;
			defaultConfigurationName = Release;
		};
		B42BF991246BC25100AD9292 /* Build configuration list for PBXNativeTarget "coronarunTests" */ = {
			isa = XCConfigurationList;
			buildConfigurations = (
				B42BF992246BC25100AD9292 /* Debug */,
				B42BF993246BC25100AD9292 /* Release */,
			);
			defaultConfigurationIsVisible = 0;
			defaultConfigurationName = Release;
		};
		B42BF994246BC25100AD9292 /* Build configuration list for PBXNativeTarget "coronarunUITests" */ = {
			isa = XCConfigurationList;
			buildConfigurations = (
				B42BF995246BC25100AD9292 /* Debug */,
				B42BF996246BC25100AD9292 /* Release */,
			);
			defaultConfigurationIsVisible = 0;
			defaultConfigurationName = Release;
		};
/* End XCConfigurationList section */
	};
	rootObject = B42BF958246BC24F00AD9292 /* Project object */;
}
